<Solution>
  <Configurations>
    <Platform Name="x64" />
  </Configurations>
  <Folder Name="/.config/">
    <File Path=".config/dotnet-tools.json" />
  </Folder>
  <Folder Name="/.github/" />
  <Folder Name="/.github/workflows/">
    <File Path="../.github/workflows/slot_brows-api_production(deploy).yml" />
  </Folder>
  <Folder Name="/app/">
    <Project Path="app/source/Brows.App.Windows/Brows.App.Windows.csproj" />
    <Project Path="app/source/Brows.Commander.Windows/Brows.Commander.Windows.csproj" />
    <Project Path="app/source/Brows.Commander/Brows.Commander.csproj" />
    <Project Path="app/source/brows/brows.csproj" />
  </Folder>
  <Folder Name="/export/" />
  <Folder Name="/export/Commands/">
    <Project Path="export/source/Brows.Commands.Bookmark/Brows.Commands.Bookmark.csproj" />
    <Project Path="export/source/Brows.Commands.Config/Brows.Commands.Config.csproj" />
    <Project Path="export/source/Brows.Commands.DataKey/Brows.Commands.DataKey.csproj" />
    <Project Path="export/source/Brows.Commands.Manual/Brows.Commands.Manual.csproj" />
    <Project Path="export/source/Brows.Commands.Operations/Brows.Commands.Operations.csproj" />
    <Project Path="export/source/Brows.Commands.Process/Brows.Commands.Process.csproj" />
    <Project Path="export/source/windows/Brows.Commands.Bookmark.Windows/Brows.Commands.Bookmark.Windows.csproj" />
    <Project Path="export/source/windows/Brows.Commands.DataKey.Windows/Brows.Commands.DataKey.Windows.csproj" />
    <Project Path="export/source/windows/Brows.Commands.Manual.Windows/Brows.Commands.Manual.Windows.csproj" />
    <Project Path="export/source/windows/Brows.Commands.Process.Windows/Brows.Commands.Process.Windows.csproj" />
  </Folder>
  <Folder Name="/export/Drives/">
    <Project Path="export/source/Brows.Drives/Brows.Drives.csproj" />
    <Project Path="export/source/windows/Brows.Drives.Windows/Brows.Drives.Windows.csproj" />
  </Folder>
  <Folder Name="/export/FileProtocol/">
    <Project Path="export/source/Brows.FileProtocol/Brows.FileProtocol.csproj" />
  </Folder>
  <Folder Name="/export/FileSystem/">
    <Project Path="export/source/Brows.FileSystem.Commands.CreateDirectory/Brows.FileSystem.Commands.CreateDirectory.csproj" />
    <Project Path="export/source/Brows.FileSystem.Commands.CreateFile/Brows.FileSystem.Commands.CreateFile.csproj" />
    <Project Path="export/source/Brows.FileSystem.Commands.DirectoryFound/Brows.FileSystem.Commands.DirectoryFound.csproj" />
    <Project Path="export/source/Brows.FileSystem.Commands.DirectoryOpen/Brows.FileSystem.Commands.DirectoryOpen.csproj" />
    <Project Path="export/source/Brows.FileSystem.Commands.DirectoryX/Brows.FileSystem.Commands.DirectoryX.csproj" />
    <Project Path="export/source/Brows.FileSystem.Commands.Edit/Brows.FileSystem.Commands.Edit.csproj" />
    <Project Path="export/source/Brows.FileSystem.Commands.Find/Brows.FileSystem.Commands.Find.csproj" />
    <Project Path="export/source/Brows.FileSystem.Commands.NativeBrowse/Brows.FileSystem.Commands.NativeBrowse.csproj" />
    <Project Path="export/source/Brows.FileSystem.Commands.NativeDetail/Brows.FileSystem.Commands.NativeDetail.csproj" />
    <Project Path="export/source/Brows.FileSystem.Commands.Rename/Brows.FileSystem.Commands.Rename.csproj" />
    <Project Path="export/source/Brows.FileSystem.Commands.Zip/Brows.FileSystem.Commands.Zip.csproj" />
    <Project Path="export/source/Brows.FileSystem.Navigation/Brows.FileSystem.Navigation.csproj" />
    <Project Path="export/source/Brows.FileSystem/Brows.FileSystem.csproj" />
    <Project Path="export/source/windows/Brows.FileSystem.Commands.DrawImage/Brows.FileSystem.Commands.DrawImage.csproj" />
    <Project Path="export/source/windows/Brows.FileSystem.Commands.Find.Windows/Brows.FileSystem.Commands.Find.Windows.csproj" />
    <Project Path="export/source/windows/Brows.FileSystem.Commands.Metadata/Brows.FileSystem.Commands.Metadata.csproj" />
    <Project Path="export/source/windows/Brows.FileSystem.Win32/Brows.FileSystem.Win32.csproj" />
    <Project Path="export/source/windows/Brows.FileSystem.Windows/Brows.FileSystem.Windows.csproj" />
  </Folder>
  <Folder Name="/export/FileSystem/tests/">
    <Project Path="export/tests/Brows.FileSystem.Tests/Brows.FileSystem.Tests.csproj" />
  </Folder>
  <Folder Name="/export/FTP/">
    <Project Path="export/source/Brows.Ftp/Brows.Ftp.csproj" />
    <Project Path="export/source/windows/Brows.Ftp.Win32/Brows.Ftp.Win32.csproj" />
    <Project Path="export/source/windows/Brows.Ftp.Windows/Brows.Ftp.Windows.csproj" />
  </Folder>
  <Folder Name="/export/Git/">
    <Project Path="export/source/Brows.Git.Native/Brows.Git.Native.csproj" />
    <Project Path="export/source/Brows.Git/Brows.Git.csproj" />
    <Project Path="export/source/brows_git/brows_git.vcxproj" Id="1ddd42bf-4c5c-4868-aadf-21630a7e5a47">
      <BuildDependency Project="framework/source/brows_framework/brows_framework.vcxproj" />
    </Project>
    <Project Path="export/source/windows/Brows.Git.Windows/Brows.Git.Windows.csproj" />
  </Folder>
  <Folder Name="/export/SSH/">
    <Project Path="export/source/Brows.SSH.Commands.SSH/Brows.SSH.Commands.SSH.csproj" />
    <Project Path="export/source/Brows.SSH.Native/Brows.SSH.Native.csproj" />
    <Project Path="export/source/Brows.SSH/Brows.SSH.csproj" />
    <Project Path="export/source/brows_ssh/brows_ssh.vcxproj" Id="12a5bd53-dafb-44d6-bad7-cce36ed0962f">
      <BuildDependency Project="framework/source/brows_framework/brows_framework.vcxproj" />
    </Project>
    <Project Path="export/source/windows/Brows.SSH.Win32/Brows.SSH.Win32.csproj" />
    <Project Path="export/source/windows/Brows.SSH.Windows/Brows.SSH.Windows.csproj" />
  </Folder>
  <Folder Name="/export/Url/">
    <Project Path="export/source/Brows.Url.Native/Brows.Url.Native.csproj" />
    <Project Path="export/source/Brows.Url/Brows.Url.csproj" />
    <Project Path="export/source/brows_url/brows_url.vcxproj" Id="ae4426fd-ff3b-4b99-823d-a60453a34c42">
      <BuildDependency Project="framework/source/brows_framework/brows_framework.vcxproj" />
    </Project>
  </Folder>
  <Folder Name="/export/Url/tests/">
    <Project Path="export/tests/Brows.Url.Tests/Brows.Url.Tests.csproj" />
  </Folder>
  <Folder Name="/export/Zip/">
    <Project Path="export/source/Brows.Zip.Async/Brows.Zip.Async.csproj" />
    <Project Path="export/source/Brows.Zip/Brows.Zip.csproj" />
    <Project Path="export/source/windows/Brows.Zip.Win32/Brows.Zip.Win32.csproj" />
    <Project Path="export/source/windows/Brows.Zip.Windows/Brows.Zip.Windows.csproj" />
  </Folder>
  <Folder Name="/framework/">
    <Project Path="framework/source/Brows.Abstractions.IO.Testing/Brows.Abstractions.IO.Testing.csproj" />
    <Project Path="framework/source/Brows.Abstractions.IO/Brows.Abstractions.IO.csproj" />
    <Project Path="framework/source/Brows.CLI.About/Brows.CLI.About.csproj" />
    <Project Path="framework/source/Brows.CLI.Help/Brows.CLI.Help.csproj" />
    <Project Path="framework/source/Brows.CLI/Brows.CLI.csproj" />
    <Project Path="framework/source/Brows.Composition.Testing/Brows.Composition.Testing.csproj" />
    <Project Path="framework/source/Brows.Composition/Brows.Composition.csproj" />
    <Project Path="framework/source/Brows.Config.Json/Brows.Config.Json.csproj" />
    <Project Path="framework/source/Brows.Config/Brows.Config.csproj" />
    <Project Path="framework/source/Brows.Framework.Testing/Brows.Framework.Testing.csproj" />
    <Project Path="framework/source/Brows.Framework.Windows/Brows.Framework.Windows.csproj" />
    <Project Path="framework/source/Brows.Framework/Brows.Framework.csproj" />
    <Project Path="framework/source/Brows.Instantiation/Brows.Instantiation.csproj" />
    <Project Path="framework/source/Brows.IPC.Host/Brows.IPC.Host.csproj" />
    <Project Path="framework/source/Brows.IPC/Brows.IPC.csproj" />
    <Project Path="framework/source/brows_framework/brows_framework.vcxproj" Id="498b8ecc-336e-4040-8ce6-e92b3f4b849b" />
  </Folder>  
  <Folder Name="/framework/samples/">
    <Project Path="framework/samples/Brows.CLI.Sample/Brows.CLI.Sample.csproj" />
    <Project Path="framework/samples/Brows.IPC.Sample.Client/Brows.IPC.Sample.Client.csproj" />
    <Project Path="framework/samples/Brows.IPC.Sample.Common/Brows.IPC.Sample.Common.csproj" />
    <Project Path="framework/samples/Brows.IPC.Sample.Host/Brows.IPC.Sample.Host.csproj" />
  </Folder>
  <Folder Name="/framework/tests/">
    <Project Path="framework/tests/Brows.Abstractions.IO.Testing.Tests/Brows.Abstractions.IO.Testing.Tests.csproj" />
    <Project Path="framework/tests/Brows.Abstractions.IO.Tests/Brows.Abstractions.IO.Tests.csproj" />
    <Project Path="framework/tests/Brows.CLI.About.Tests/Brows.CLI.About.Tests.csproj" />
    <Project Path="framework/tests/Brows.CLI.Help.Tests/Brows.CLI.Help.Tests.csproj" />
    <Project Path="framework/tests/Brows.CLI.Tests/Brows.CLI.Tests.csproj" />
    <Project Path="framework/tests/Brows.Composition.Tests/Brows.Composition.Tests.csproj" />
    <Project Path="framework/tests/Brows.Config.Tests/Brows.Config.Tests.csproj" />
    <Project Path="framework/tests/Brows.Framework.Testing.Tests/Brows.Framework.Testing.Tests.csproj" />
    <Project Path="framework/tests/Brows.Framework.Tests/Brows.Framework.Tests.csproj" />
    <Project Path="framework/tests/Brows.Instantiation.Tests/Brows.Instantiation.Tests.csproj" />
    <Project Path="framework/tests/Brows.IPC.Host.Tests/Brows.IPC.Host.Tests.csproj" />
    <Project Path="framework/tests/Brows.IPC.Tests/Brows.IPC.Tests.csproj" />
  </Folder>
  <Folder Name="/windows/">
    <Project Path="windows/source/Brows.Win32.PropertySystem/Brows.Win32.PropertySystem.csproj" />
    <Project Path="windows/source/Brows.Win32.STAThreadPool/Brows.Win32.STAThreadPool.csproj" />
    <Project Path="windows/source/Brows.Win32.Windows.PreviewHandlerControl/Brows.Win32.Windows.PreviewHandlerControl.csproj" />
    <Project Path="windows/source/Brows.Win32.Windows.PreviewTextControl/Brows.Win32.Windows.PreviewTextControl.csproj" />
    <Project Path="windows/source/Brows.Win32.Windows/Brows.Win32.Windows.csproj" />
    <Project Path="windows/source/Brows.Win32/Brows.Win32.csproj" />
    <Project Path="windows/source/brows_win32/brows_win32.vcxproj" Id="7425a2c8-a4e2-4390-b936-ffe17d4e345f">
      <BuildDependency Project="framework/source/brows_framework/brows_framework.vcxproj" />
    </Project>
  </Folder>
  <Folder Name="/_/">
    <File Path=".editorconfig" />
    <File Path=".gitignore" />
    <File Path="AGENTS.md" />
    <File Path="Directory.Packages.props" />
    <File Path="global.json" />
    <File Path="spelling.exclusion.dic" />
  </Folder>
  <Folder Name="/_/app/" />
  <Folder Name="/_/app/source/">
    <File Path="app/source/Directory.Build.props" />
  </Folder>
  <Folder Name="/_/app/tests/">
    <File Path="app/tests/Directory.Build.props" />
  </Folder>
  <Folder Name="/_/export/" />
  <Folder Name="/_/export/source/">
    <File Path="export/source/Directory.Build.props" />
  </Folder>
  <Folder Name="/_/export/source/windows/">
    <File Path="export/source/windows/Directory.Build.props" />
  </Folder>
  <Folder Name="/_/export/tests/">
    <File Path="export/tests/Directory.Build.props" />
  </Folder>
  <Folder Name="/_/framework/" />
  <Folder Name="/_/framework/samples/">
    <File Path="framework/samples/Directory.Build.props" />
  </Folder>
  <Folder Name="/_/framework/source/">
    <File Path="framework/source/Directory.Build.props" />
  </Folder>
  <Folder Name="/_/framework/tests/">
    <File Path="framework/tests/Directory.Build.props" />
  </Folder>
  <Folder Name="/_/props/">
    <File Path="props/export.build.props" />
    <File Path="props/native.export.build.props" />
    <File Path="props/native.root.build.props" />
    <File Path="props/root.build.props" />
    <File Path="props/tests.build.props" />
    <File Path="props/windows.build.props" />
  </Folder>
  <Folder Name="/_/scripts/">
    <File Path="scripts/ef-browsdb.ps1" />
    <File Path="scripts/publish-brows.ps1" />
  </Folder>
  <Folder Name="/_/windows/" />
  <Folder Name="/_/windows/source/">
    <File Path="windows/source/Directory.Build.props" />
  </Folder>
  <Folder Name="/_/windows/tests/">
    <File Path="windows/tests/Directory.Build.props" />
  </Folder>
</Solution>
