Microsoft Visual Studio Solution File, Format Version 12.00
# Visual Studio Version 17
VisualStudioVersion = 17.0.31919.166
MinimumVisualStudioVersion = 10.0.40219.1
Project("{2150E333-8FDC-42A3-9474-1A3956D46DE8}") = "test", "test", "{CA19029A-5287-492D-BC93-3D3DD66DA61D}"
EndProject
Project("{9A19103F-16F7-4668-BE54-9A1E7A4F7556}") = "brows", "brows\brows.csproj", "{81309B66-4FF9-498C-83C5-097464C83892}"
EndProject
Project("{9A19103F-16F7-4668-BE54-9A1E7A4F7556}") = "Brows.Runtime.Win32", "Brows.Runtime.Win32\Brows.Runtime.Win32.csproj", "{530D7837-73A7-4D0E-9A62-4D107C50FE20}"
EndProject
Project("{9A19103F-16F7-4668-BE54-9A1E7A4F7556}") = "Brows.Globalization", "Brows.Globalization\Brows.Globalization.csproj", "{8F9339D2-D961-47C1-B5AF-5FF6C848A175}"
EndProject
Project("{2150E333-8FDC-42A3-9474-1A3956D46DE8}") = "props", "props", "{0594FB3D-E245-4FC7-B0C3-FE1CDA3C2CFE}"
	ProjectSection(SolutionItems) = preProject
		Directory.Build.props = Directory.Build.props
	EndProjectSection
EndProject
Project("{9A19103F-16F7-4668-BE54-9A1E7A4F7556}") = "Brows.IO.Extensions", "Brows.IO.Extensions\Brows.IO.Extensions.csproj", "{F77AE640-BE21-4812-A9EF-AE4098CAB9A2}"
EndProject
Project("{9A19103F-16F7-4668-BE54-9A1E7A4F7556}") = "Brows.Logger", "Brows.Logger\Brows.Logger.csproj", "{251FD29D-AD09-4952-9F42-425C540502B9}"
EndProject
Project("{9A19103F-16F7-4668-BE54-9A1E7A4F7556}") = "Brows.Triggers", "Brows.Triggers\Brows.Triggers.csproj", "{AB93A1D5-97CF-4C29-BDDA-B1642C16A093}"
EndProject
Project("{9A19103F-16F7-4668-BE54-9A1E7A4F7556}") = "Brows.Gui.Image", "Brows.Gui.Image\Brows.Gui.Image.csproj", "{2CC8EB56-DCB4-4B43-9490-F4D0A55DB24C}"
EndProject
Project("{9A19103F-16F7-4668-BE54-9A1E7A4F7556}") = "Brows.Panel", "Brows.Panel\Brows.Panel.csproj", "{D9DFDF35-B827-41E9-B0EE-66204FE5EEEB}"
EndProject
Project("{9A19103F-16F7-4668-BE54-9A1E7A4F7556}") = "Brows.Commander", "Brows.Commander\Brows.Commander.csproj", "{FF2904C6-FC59-44D7-8049-45AAFE421ACA}"
EndProject
Project("{9A19103F-16F7-4668-BE54-9A1E7A4F7556}") = "Brows.Request", "Brows.Request\Brows.Request.csproj", "{CEB085B0-0FD7-40D2-95CE-3CBD2856A916}"
EndProject
Project("{9A19103F-16F7-4668-BE54-9A1E7A4F7556}") = "Brows.Threading.Tasks.Async", "Brows.Threading.Tasks.Async\Brows.Threading.Tasks.Async.csproj", "{1C54DF81-A7A6-4833-B0E0-C92E536A1EB9}"
EndProject
Project("{9A19103F-16F7-4668-BE54-9A1E7A4F7556}") = "Brows.Threading.Tasks.TaskHandler", "Brows.Threading.Tasks.TaskHandler\Brows.Threading.Tasks.TaskHandler.csproj", "{77C2C9E3-22D5-4CBB-BE45-1DAFFA3FE7B3}"
EndProject
Project("{9A19103F-16F7-4668-BE54-9A1E7A4F7556}") = "Brows.Threading.Tasks.AsyncEnumerable", "Brows.Threading.Tasks.AsyncEnumerable\Brows.Threading.Tasks.AsyncEnumerable.csproj", "{48BA957A-8DE3-4A7A-AE51-D010015909AE}"
EndProject
Project("{9A19103F-16F7-4668-BE54-9A1E7A4F7556}") = "Brows.Collections.ObjectModel.CollectionSource", "Brows.Collections.ObjectModel.CollectionSource\Brows.Collections.ObjectModel.CollectionSource.csproj", "{3AC80823-641B-4A34-934C-D36ECE4EDC6E}"
EndProject
Project("{9A19103F-16F7-4668-BE54-9A1E7A4F7556}") = "Brows.ComponentModel.NotifyPropertyChanged", "Brows.ComponentModel.NotifyPropertyChanged\Brows.ComponentModel.NotifyPropertyChanged.csproj", "{5363F892-87EF-44F5-8F05-3830E1C81C8F}"
EndProject
Project("{9A19103F-16F7-4668-BE54-9A1E7A4F7556}") = "Brows.Commands", "Brows.Commands\Brows.Commands.csproj", "{DCBA82E1-CD01-4B1C-8279-210C01BB95A2}"
EndProject
Project("{9A19103F-16F7-4668-BE54-9A1E7A4F7556}") = "Brows.IO.PathBookmark", "Brows.IO.PathBookmark\Brows.IO.PathBookmark.csproj", "{4240774C-A37D-4ABE-80DC-725CDFF2EB7B}"
EndProject
Project("{9A19103F-16F7-4668-BE54-9A1E7A4F7556}") = "Brows.Cli", "Brows.Cli\Brows.Cli.csproj", "{F3E71C2E-BF05-4A2D-A491-47FE6601452F}"
EndProject
Project("{9A19103F-16F7-4668-BE54-9A1E7A4F7556}") = "Brows.Cli.Tests", "Brows.Cli.Tests\Brows.Cli.Tests.csproj", "{33848DBB-B532-42A5-8CCD-9EDF9FD7CA42}"
EndProject
Project("{9A19103F-16F7-4668-BE54-9A1E7A4F7556}") = "Brows.IO.PreviewTextReader", "Brows.IO.PreviewTextReader\Brows.IO.PreviewTextReader.csproj", "{2F9C7191-9A7B-464E-898E-35769802C5B9}"
EndProject
Project("{9A19103F-16F7-4668-BE54-9A1E7A4F7556}") = "Brows.Net.Sockets", "Brows.Net.Sockets\Brows.Net.Sockets.csproj", "{7F6190C9-6408-49CF-A3CE-630F1CA2F938}"
EndProject
Project("{9A19103F-16F7-4668-BE54-9A1E7A4F7556}") = "Brows.CommanderService", "Brows.CommanderService\Brows.CommanderService.csproj", "{E0889B76-1D8B-4B2C-8A81-E7275BCAD3F9}"
EndProject
Project("{2150E333-8FDC-42A3-9474-1A3956D46DE8}") = "exe", "exe", "{A4365552-E2B5-4781-B8C7-E25F78BF37C6}"
EndProject
Project("{9A19103F-16F7-4668-BE54-9A1E7A4F7556}") = "Brows.Command.Contract", "Brows.Command.Contract\Brows.Command.Contract.csproj", "{E8DDB450-693D-4F17-B451-2D4FEA01FED3}"
EndProject
Project("{9A19103F-16F7-4668-BE54-9A1E7A4F7556}") = "Brows.EntryProvider.Contract", "Brows.EntryProvider.Contract\Brows.EntryProvider.Contract.csproj", "{C54777B0-8E7A-4409-A90E-B2CA03922A2B}"
EndProject
Project("{9A19103F-16F7-4668-BE54-9A1E7A4F7556}") = "Brows.Panel.Contract", "Brows.Panel.Contract\Brows.Panel.Contract.csproj", "{86818FEE-4DE0-4154-AA8F-5ABA22981CB5}"
EndProject
Project("{9A19103F-16F7-4668-BE54-9A1E7A4F7556}") = "Brows.Entry.Contract", "Brows.Entry.Contract\Brows.Entry.Contract.csproj", "{B4FAF7B4-4827-4BC5-A4CE-C2110C987E0F}"
EndProject
Project("{9A19103F-16F7-4668-BE54-9A1E7A4F7556}") = "Brows.Gui.Contract", "Brows.Gui.Contract\Brows.Gui.Contract.csproj", "{9A067E01-B699-490F-A79A-3B736EF7E835}"
EndProject
Project("{9A19103F-16F7-4668-BE54-9A1E7A4F7556}") = "Brows.Entry.Framework", "Brows.Entry.Framework\Brows.Entry.Framework.csproj", "{7AA6EACD-98D0-430B-9B8F-051A3B2D4ADB}"
EndProject
Project("{9A19103F-16F7-4668-BE54-9A1E7A4F7556}") = "Brows.Gui.Framework", "Brows.Gui.Framework\Brows.Gui.Framework.csproj", "{E9FB00B9-88AC-4DB6-B943-97A4C1C4598E}"
EndProject
Project("{9A19103F-16F7-4668-BE54-9A1E7A4F7556}") = "Brows.Command.Framework", "Brows.Command.Framework\Brows.Command.Framework.csproj", "{782CF7E7-BC7B-4D07-9359-A0FFD8F4D972}"
EndProject
Project("{9A19103F-16F7-4668-BE54-9A1E7A4F7556}") = "Brows.EntryProvider.Framework", "Brows.EntryProvider.Framework\Brows.EntryProvider.Framework.csproj", "{254E3F32-C63D-4D14-A678-52FC0BC21FEE}"
EndProject
Project("{9A19103F-16F7-4668-BE54-9A1E7A4F7556}") = "Brows.Panel.Framework", "Brows.Panel.Framework\Brows.Panel.Framework.csproj", "{B5301E72-1C0A-4F5D-98C0-A91B10959038}"
EndProject
Project("{9A19103F-16F7-4668-BE54-9A1E7A4F7556}") = "Brows.CommanderMessageQueue", "Brows.CommanderMessageQueue\Brows.CommanderMessageQueue.csproj", "{6A988EE5-E102-4EEE-9B3E-3F2A4A61D610}"
EndProject
Project("{9A19103F-16F7-4668-BE54-9A1E7A4F7556}") = "Brows.Operation.Contract", "Brows.Operation.Contract\Brows.Operation.Contract.csproj", "{330D0FB5-750F-4BE4-8586-C777CA447DAE}"
EndProject
Project("{9A19103F-16F7-4668-BE54-9A1E7A4F7556}") = "Brows.Operation.Framework", "Brows.Operation.Framework\Brows.Operation.Framework.csproj", "{72C8B8CE-77BF-4010-8859-5009C031954C}"
EndProject
Project("{9A19103F-16F7-4668-BE54-9A1E7A4F7556}") = "Brows.Dialog.Contract", "Brows.Dialog.Contract\Brows.Dialog.Contract.csproj", "{3C9774DD-5385-4ADD-8210-B3841B817536}"
EndProject
Project("{9A19103F-16F7-4668-BE54-9A1E7A4F7556}") = "Brows.Dialog.Framework", "Brows.Dialog.Framework\Brows.Dialog.Framework.csproj", "{61F8188C-8797-48EF-9EAD-686738130EC3}"
EndProject
Project("{9A19103F-16F7-4668-BE54-9A1E7A4F7556}") = "Brows.Dialogs", "Brows.Dialogs\Brows.Dialogs.csproj", "{12F7F5BF-06A2-41E5-B0DC-F1FE978D76D2}"
EndProject
Project("{9A19103F-16F7-4668-BE54-9A1E7A4F7556}") = "Brows.Trigger.Contract", "Brows.Trigger.Contract\Brows.Trigger.Contract.csproj", "{7BCE22D8-0E77-48BB-BA54-DB8A3F116CF4}"
EndProject
Project("{2150E333-8FDC-42A3-9474-1A3956D46DE8}") = "framework", "framework", "{A50FDCE3-4081-4E45-AC1D-6C89C5D12C24}"
EndProject
Project("{9A19103F-16F7-4668-BE54-9A1E7A4F7556}") = "Brows.IO.Contract", "Brows.IO.Contract\Brows.IO.Contract.csproj", "{4AB2C236-70B8-4EEC-84E3-E4FCA488C02F}"
EndProject
Project("{9A19103F-16F7-4668-BE54-9A1E7A4F7556}") = "Brows.IO.Framework", "Brows.IO.Framework\Brows.IO.Framework.csproj", "{7918AF0D-676E-40AB-9A73-C0EDA5C2A591}"
EndProject
Project("{2150E333-8FDC-42A3-9474-1A3956D46DE8}") = "runtime", "runtime", "{88238011-171B-44FB-9AFF-662698673C18}"
EndProject
Project("{2150E333-8FDC-42A3-9474-1A3956D46DE8}") = "io", "io", "{C7266C03-7B6D-4EA6-AEC3-106CE76863DD}"
EndProject
Project("{9A19103F-16F7-4668-BE54-9A1E7A4F7556}") = "Brows.Match", "Brows.Match\Brows.Match.csproj", "{2C47F8E0-1C56-4332-8E6F-743ACE4A9D3F}"
EndProject
Project("{9A19103F-16F7-4668-BE54-9A1E7A4F7556}") = "Brows.Commands.Process", "Brows.Commands.Process\Brows.Commands.Process.csproj", "{E0BB127A-5622-4679-BBA6-41DD26EF8058}"
EndProject
Project("{9A19103F-16F7-4668-BE54-9A1E7A4F7556}") = "Brows.Commands.Manual", "Brows.Commands.Manual\Brows.Commands.Manual.csproj", "{20EC0733-4E26-4979-873B-77AE86C2CD37}"
EndProject
Project("{9A19103F-16F7-4668-BE54-9A1E7A4F7556}") = "Brows.Commands.Operations", "Brows.Commands.Operations\Brows.Commands.Operations.csproj", "{DA94730D-47D9-4163-9A92-D6E7500E53DE}"
EndProject
Project("{2150E333-8FDC-42A3-9474-1A3956D46DE8}") = "commands", "commands", "{A9F37EE5-AE72-42E5-8ACF-9F118D314D24}"
EndProject
Project("{9A19103F-16F7-4668-BE54-9A1E7A4F7556}") = "Brows.Runtime.Win32.StaThreadPool", "Brows.Runtime.Win32.StaThreadPool\Brows.Runtime.Win32.StaThreadPool.csproj", "{80DB180B-C9EF-498A-B224-FE7AB4BB2AF8}"
EndProject
Project("{9A19103F-16F7-4668-BE54-9A1E7A4F7556}") = "Brows.ComponentModel.Composition", "Brows.ComponentModel.Composition\Brows.ComponentModel.Composition.csproj", "{56B9D1AD-552A-4F67-A56C-1EDBE3FF27AE}"
EndProject
Project("{9A19103F-16F7-4668-BE54-9A1E7A4F7556}") = "Brows.IO.Commands", "Brows.IO.Commands\Brows.IO.Commands.csproj", "{D5E2E53B-3DE2-43EF-A47C-696F9495AFDD}"
EndProject
Project("{9A19103F-16F7-4668-BE54-9A1E7A4F7556}") = "Brows.Commands.Bookmark", "Brows.Commands.Bookmark\Brows.Commands.Bookmark.csproj", "{490035ED-C960-4902-A278-4037EF3974D6}"
EndProject
Project("{2150E333-8FDC-42A3-9474-1A3956D46DE8}") = "gui", "gui", "{A2D59108-92D9-423C-AD35-446DB6128C77}"
EndProject
Project("{9A19103F-16F7-4668-BE54-9A1E7A4F7556}") = "Brows.Gui.Logger", "Brows.Gui.Logger\Brows.Gui.Logger.csproj", "{58938C8D-1EC8-46ED-B584-A9339F2CF568}"
EndProject
Project("{9A19103F-16F7-4668-BE54-9A1E7A4F7556}") = "Brows.IO.Gui", "Brows.IO.Gui\Brows.IO.Gui.csproj", "{4D9AAB26-5542-4CB9-9E72-386541C842D9}"
EndProject
Project("{9A19103F-16F7-4668-BE54-9A1E7A4F7556}") = "Brows.Entry.Gui", "Brows.Entry.Gui\Brows.Entry.Gui.csproj", "{44122EF7-BA2B-41F0-9488-5289188FD273}"
EndProject
Project("{9A19103F-16F7-4668-BE54-9A1E7A4F7556}") = "Brows.Gui.Windows", "Brows.Gui.Windows\Brows.Gui.Windows.csproj", "{91F43B0E-AD83-43D4-A14C-87E4BFB43E72}"
EndProject
Project("{9A19103F-16F7-4668-BE54-9A1E7A4F7556}") = "Brows.Commander.Gui", "Brows.Commander.Gui\Brows.Commander.Gui.csproj", "{0B73F1ED-D267-4DE6-8A7F-4705AD7B8254}"
EndProject
Project("{9A19103F-16F7-4668-BE54-9A1E7A4F7556}") = "Brows.Panel.Gui", "Brows.Panel.Gui\Brows.Panel.Gui.csproj", "{3FC22418-BA4B-4C3B-9ED5-A23DFE44959B}"
EndProject
Project("{9A19103F-16F7-4668-BE54-9A1E7A4F7556}") = "Brows.Commands.Process.Gui", "Brows.Commands.Process.Gui\Brows.Commands.Process.Gui.csproj", "{C85900B0-0A16-4337-880A-0488C773660C}"
EndProject
Project("{9A19103F-16F7-4668-BE54-9A1E7A4F7556}") = "Brows.Commands.Manual.Gui", "Brows.Commands.Manual.Gui\Brows.Commands.Manual.Gui.csproj", "{C4AC35D0-6D6E-442C-8614-33B883DEBBE4}"
EndProject
Project("{9A19103F-16F7-4668-BE54-9A1E7A4F7556}") = "Brows.Operation.Gui", "Brows.Operation.Gui\Brows.Operation.Gui.csproj", "{1B7E74DE-E559-49D7-A581-82BF4156BA7B}"
EndProject
Project("{9A19103F-16F7-4668-BE54-9A1E7A4F7556}") = "Brows.Data.Contract", "Brows.Data.Contract\Brows.Data.Contract.csproj", "{B2F3E7C7-2BE9-42C0-BDF8-E63AF4A3B3A7}"
EndProject
Project("{9A19103F-16F7-4668-BE54-9A1E7A4F7556}") = "Brows.Data.Framework", "Brows.Data.Framework\Brows.Data.Framework.csproj", "{9292E67C-C0D9-4202-960A-9AE7485029D9}"
EndProject
Project("{9A19103F-16F7-4668-BE54-9A1E7A4F7556}") = "Brows.IO.Commands.Find", "Brows.IO.Commands.Find\Brows.IO.Commands.Find.csproj", "{61B220B4-6A9D-448C-BA93-785CF851A0DF}"
EndProject
Project("{9A19103F-16F7-4668-BE54-9A1E7A4F7556}") = "Brows.IO.Commands.Find.Gui", "Brows.IO.Commands.Find.Gui\Brows.IO.Commands.Find.Gui.csproj", "{BA2CE857-2B0D-45E5-B0BC-3F54533512E0}"
EndProject
Project("{9A19103F-16F7-4668-BE54-9A1E7A4F7556}") = "Brows.Commands.Bookmark.Gui", "Brows.Commands.Bookmark.Gui\Brows.Commands.Bookmark.Gui.csproj", "{4C96E6F0-E673-4085-A04C-CA642BFA5EE3}"
EndProject
Project("{FAE04EC0-301F-11D3-BF4B-00C04F79EFBC}") = "Brows.Triggers.Gui", "Brows.Triggers.Gui\Brows.Triggers.Gui.csproj", "{DF90557C-99A2-42B6-8BD3-3BF41C4C906C}"
EndProject
Global
	GlobalSection(SolutionConfigurationPlatforms) = preSolution
		Debug|Any CPU = Debug|Any CPU
		Release|Any CPU = Release|Any CPU
	EndGlobalSection
	GlobalSection(ProjectConfigurationPlatforms) = postSolution
		{81309B66-4FF9-498C-83C5-097464C83892}.Debug|Any CPU.ActiveCfg = Debug|Any CPU
		{81309B66-4FF9-498C-83C5-097464C83892}.Debug|Any CPU.Build.0 = Debug|Any CPU
		{81309B66-4FF9-498C-83C5-097464C83892}.Release|Any CPU.ActiveCfg = Release|Any CPU
		{81309B66-4FF9-498C-83C5-097464C83892}.Release|Any CPU.Build.0 = Release|Any CPU
		{530D7837-73A7-4D0E-9A62-4D107C50FE20}.Debug|Any CPU.ActiveCfg = Debug|Any CPU
		{530D7837-73A7-4D0E-9A62-4D107C50FE20}.Debug|Any CPU.Build.0 = Debug|Any CPU
		{530D7837-73A7-4D0E-9A62-4D107C50FE20}.Release|Any CPU.ActiveCfg = Release|Any CPU
		{530D7837-73A7-4D0E-9A62-4D107C50FE20}.Release|Any CPU.Build.0 = Release|Any CPU
		{8F9339D2-D961-47C1-B5AF-5FF6C848A175}.Debug|Any CPU.ActiveCfg = Debug|Any CPU
		{8F9339D2-D961-47C1-B5AF-5FF6C848A175}.Debug|Any CPU.Build.0 = Debug|Any CPU
		{8F9339D2-D961-47C1-B5AF-5FF6C848A175}.Release|Any CPU.ActiveCfg = Release|Any CPU
		{8F9339D2-D961-47C1-B5AF-5FF6C848A175}.Release|Any CPU.Build.0 = Release|Any CPU
		{F77AE640-BE21-4812-A9EF-AE4098CAB9A2}.Debug|Any CPU.ActiveCfg = Debug|Any CPU
		{F77AE640-BE21-4812-A9EF-AE4098CAB9A2}.Debug|Any CPU.Build.0 = Debug|Any CPU
		{F77AE640-BE21-4812-A9EF-AE4098CAB9A2}.Release|Any CPU.ActiveCfg = Release|Any CPU
		{F77AE640-BE21-4812-A9EF-AE4098CAB9A2}.Release|Any CPU.Build.0 = Release|Any CPU
		{251FD29D-AD09-4952-9F42-425C540502B9}.Debug|Any CPU.ActiveCfg = Debug|Any CPU
		{251FD29D-AD09-4952-9F42-425C540502B9}.Debug|Any CPU.Build.0 = Debug|Any CPU
		{251FD29D-AD09-4952-9F42-425C540502B9}.Release|Any CPU.ActiveCfg = Release|Any CPU
		{251FD29D-AD09-4952-9F42-425C540502B9}.Release|Any CPU.Build.0 = Release|Any CPU
		{AB93A1D5-97CF-4C29-BDDA-B1642C16A093}.Debug|Any CPU.ActiveCfg = Debug|Any CPU
		{AB93A1D5-97CF-4C29-BDDA-B1642C16A093}.Debug|Any CPU.Build.0 = Debug|Any CPU
		{AB93A1D5-97CF-4C29-BDDA-B1642C16A093}.Release|Any CPU.ActiveCfg = Release|Any CPU
		{AB93A1D5-97CF-4C29-BDDA-B1642C16A093}.Release|Any CPU.Build.0 = Release|Any CPU
		{2CC8EB56-DCB4-4B43-9490-F4D0A55DB24C}.Debug|Any CPU.ActiveCfg = Debug|Any CPU
		{2CC8EB56-DCB4-4B43-9490-F4D0A55DB24C}.Debug|Any CPU.Build.0 = Debug|Any CPU
		{2CC8EB56-DCB4-4B43-9490-F4D0A55DB24C}.Release|Any CPU.ActiveCfg = Release|Any CPU
		{2CC8EB56-DCB4-4B43-9490-F4D0A55DB24C}.Release|Any CPU.Build.0 = Release|Any CPU
		{D9DFDF35-B827-41E9-B0EE-66204FE5EEEB}.Debug|Any CPU.ActiveCfg = Debug|Any CPU
		{D9DFDF35-B827-41E9-B0EE-66204FE5EEEB}.Debug|Any CPU.Build.0 = Debug|Any CPU
		{D9DFDF35-B827-41E9-B0EE-66204FE5EEEB}.Release|Any CPU.ActiveCfg = Release|Any CPU
		{D9DFDF35-B827-41E9-B0EE-66204FE5EEEB}.Release|Any CPU.Build.0 = Release|Any CPU
		{FF2904C6-FC59-44D7-8049-45AAFE421ACA}.Debug|Any CPU.ActiveCfg = Debug|Any CPU
		{FF2904C6-FC59-44D7-8049-45AAFE421ACA}.Debug|Any CPU.Build.0 = Debug|Any CPU
		{FF2904C6-FC59-44D7-8049-45AAFE421ACA}.Release|Any CPU.ActiveCfg = Release|Any CPU
		{FF2904C6-FC59-44D7-8049-45AAFE421ACA}.Release|Any CPU.Build.0 = Release|Any CPU
		{CEB085B0-0FD7-40D2-95CE-3CBD2856A916}.Debug|Any CPU.ActiveCfg = Debug|Any CPU
		{CEB085B0-0FD7-40D2-95CE-3CBD2856A916}.Debug|Any CPU.Build.0 = Debug|Any CPU
		{CEB085B0-0FD7-40D2-95CE-3CBD2856A916}.Release|Any CPU.ActiveCfg = Release|Any CPU
		{CEB085B0-0FD7-40D2-95CE-3CBD2856A916}.Release|Any CPU.Build.0 = Release|Any CPU
		{1C54DF81-A7A6-4833-B0E0-C92E536A1EB9}.Debug|Any CPU.ActiveCfg = Debug|Any CPU
		{1C54DF81-A7A6-4833-B0E0-C92E536A1EB9}.Debug|Any CPU.Build.0 = Debug|Any CPU
		{1C54DF81-A7A6-4833-B0E0-C92E536A1EB9}.Release|Any CPU.ActiveCfg = Release|Any CPU
		{1C54DF81-A7A6-4833-B0E0-C92E536A1EB9}.Release|Any CPU.Build.0 = Release|Any CPU
		{77C2C9E3-22D5-4CBB-BE45-1DAFFA3FE7B3}.Debug|Any CPU.ActiveCfg = Debug|Any CPU
		{77C2C9E3-22D5-4CBB-BE45-1DAFFA3FE7B3}.Debug|Any CPU.Build.0 = Debug|Any CPU
		{77C2C9E3-22D5-4CBB-BE45-1DAFFA3FE7B3}.Release|Any CPU.ActiveCfg = Release|Any CPU
		{77C2C9E3-22D5-4CBB-BE45-1DAFFA3FE7B3}.Release|Any CPU.Build.0 = Release|Any CPU
		{48BA957A-8DE3-4A7A-AE51-D010015909AE}.Debug|Any CPU.ActiveCfg = Debug|Any CPU
		{48BA957A-8DE3-4A7A-AE51-D010015909AE}.Debug|Any CPU.Build.0 = Debug|Any CPU
		{48BA957A-8DE3-4A7A-AE51-D010015909AE}.Release|Any CPU.ActiveCfg = Release|Any CPU
		{48BA957A-8DE3-4A7A-AE51-D010015909AE}.Release|Any CPU.Build.0 = Release|Any CPU
		{3AC80823-641B-4A34-934C-D36ECE4EDC6E}.Debug|Any CPU.ActiveCfg = Debug|Any CPU
		{3AC80823-641B-4A34-934C-D36ECE4EDC6E}.Debug|Any CPU.Build.0 = Debug|Any CPU
		{3AC80823-641B-4A34-934C-D36ECE4EDC6E}.Release|Any CPU.ActiveCfg = Release|Any CPU
		{3AC80823-641B-4A34-934C-D36ECE4EDC6E}.Release|Any CPU.Build.0 = Release|Any CPU
		{5363F892-87EF-44F5-8F05-3830E1C81C8F}.Debug|Any CPU.ActiveCfg = Debug|Any CPU
		{5363F892-87EF-44F5-8F05-3830E1C81C8F}.Debug|Any CPU.Build.0 = Debug|Any CPU
		{5363F892-87EF-44F5-8F05-3830E1C81C8F}.Release|Any CPU.ActiveCfg = Release|Any CPU
		{5363F892-87EF-44F5-8F05-3830E1C81C8F}.Release|Any CPU.Build.0 = Release|Any CPU
		{DCBA82E1-CD01-4B1C-8279-210C01BB95A2}.Debug|Any CPU.ActiveCfg = Debug|Any CPU
		{DCBA82E1-CD01-4B1C-8279-210C01BB95A2}.Debug|Any CPU.Build.0 = Debug|Any CPU
		{DCBA82E1-CD01-4B1C-8279-210C01BB95A2}.Release|Any CPU.ActiveCfg = Release|Any CPU
		{DCBA82E1-CD01-4B1C-8279-210C01BB95A2}.Release|Any CPU.Build.0 = Release|Any CPU
		{4240774C-A37D-4ABE-80DC-725CDFF2EB7B}.Debug|Any CPU.ActiveCfg = Debug|Any CPU
		{4240774C-A37D-4ABE-80DC-725CDFF2EB7B}.Debug|Any CPU.Build.0 = Debug|Any CPU
		{4240774C-A37D-4ABE-80DC-725CDFF2EB7B}.Release|Any CPU.ActiveCfg = Release|Any CPU
		{4240774C-A37D-4ABE-80DC-725CDFF2EB7B}.Release|Any CPU.Build.0 = Release|Any CPU
		{F3E71C2E-BF05-4A2D-A491-47FE6601452F}.Debug|Any CPU.ActiveCfg = Debug|Any CPU
		{F3E71C2E-BF05-4A2D-A491-47FE6601452F}.Debug|Any CPU.Build.0 = Debug|Any CPU
		{F3E71C2E-BF05-4A2D-A491-47FE6601452F}.Release|Any CPU.ActiveCfg = Release|Any CPU
		{F3E71C2E-BF05-4A2D-A491-47FE6601452F}.Release|Any CPU.Build.0 = Release|Any CPU
		{33848DBB-B532-42A5-8CCD-9EDF9FD7CA42}.Debug|Any CPU.ActiveCfg = Debug|Any CPU
		{33848DBB-B532-42A5-8CCD-9EDF9FD7CA42}.Debug|Any CPU.Build.0 = Debug|Any CPU
		{33848DBB-B532-42A5-8CCD-9EDF9FD7CA42}.Release|Any CPU.ActiveCfg = Release|Any CPU
		{33848DBB-B532-42A5-8CCD-9EDF9FD7CA42}.Release|Any CPU.Build.0 = Release|Any CPU
		{2F9C7191-9A7B-464E-898E-35769802C5B9}.Debug|Any CPU.ActiveCfg = Debug|Any CPU
		{2F9C7191-9A7B-464E-898E-35769802C5B9}.Debug|Any CPU.Build.0 = Debug|Any CPU
		{2F9C7191-9A7B-464E-898E-35769802C5B9}.Release|Any CPU.ActiveCfg = Release|Any CPU
		{2F9C7191-9A7B-464E-898E-35769802C5B9}.Release|Any CPU.Build.0 = Release|Any CPU
		{7F6190C9-6408-49CF-A3CE-630F1CA2F938}.Debug|Any CPU.ActiveCfg = Debug|Any CPU
		{7F6190C9-6408-49CF-A3CE-630F1CA2F938}.Debug|Any CPU.Build.0 = Debug|Any CPU
		{7F6190C9-6408-49CF-A3CE-630F1CA2F938}.Release|Any CPU.ActiveCfg = Release|Any CPU
		{7F6190C9-6408-49CF-A3CE-630F1CA2F938}.Release|Any CPU.Build.0 = Release|Any CPU
		{E0889B76-1D8B-4B2C-8A81-E7275BCAD3F9}.Debug|Any CPU.ActiveCfg = Debug|Any CPU
		{E0889B76-1D8B-4B2C-8A81-E7275BCAD3F9}.Debug|Any CPU.Build.0 = Debug|Any CPU
		{E0889B76-1D8B-4B2C-8A81-E7275BCAD3F9}.Release|Any CPU.ActiveCfg = Release|Any CPU
		{E0889B76-1D8B-4B2C-8A81-E7275BCAD3F9}.Release|Any CPU.Build.0 = Release|Any CPU
		{E8DDB450-693D-4F17-B451-2D4FEA01FED3}.Debug|Any CPU.ActiveCfg = Debug|Any CPU
		{E8DDB450-693D-4F17-B451-2D4FEA01FED3}.Debug|Any CPU.Build.0 = Debug|Any CPU
		{E8DDB450-693D-4F17-B451-2D4FEA01FED3}.Release|Any CPU.ActiveCfg = Release|Any CPU
		{E8DDB450-693D-4F17-B451-2D4FEA01FED3}.Release|Any CPU.Build.0 = Release|Any CPU
		{C54777B0-8E7A-4409-A90E-B2CA03922A2B}.Debug|Any CPU.ActiveCfg = Debug|Any CPU
		{C54777B0-8E7A-4409-A90E-B2CA03922A2B}.Debug|Any CPU.Build.0 = Debug|Any CPU
		{C54777B0-8E7A-4409-A90E-B2CA03922A2B}.Release|Any CPU.ActiveCfg = Release|Any CPU
		{C54777B0-8E7A-4409-A90E-B2CA03922A2B}.Release|Any CPU.Build.0 = Release|Any CPU
		{86818FEE-4DE0-4154-AA8F-5ABA22981CB5}.Debug|Any CPU.ActiveCfg = Debug|Any CPU
		{86818FEE-4DE0-4154-AA8F-5ABA22981CB5}.Debug|Any CPU.Build.0 = Debug|Any CPU
		{86818FEE-4DE0-4154-AA8F-5ABA22981CB5}.Release|Any CPU.ActiveCfg = Release|Any CPU
		{86818FEE-4DE0-4154-AA8F-5ABA22981CB5}.Release|Any CPU.Build.0 = Release|Any CPU
		{B4FAF7B4-4827-4BC5-A4CE-C2110C987E0F}.Debug|Any CPU.ActiveCfg = Debug|Any CPU
		{B4FAF7B4-4827-4BC5-A4CE-C2110C987E0F}.Debug|Any CPU.Build.0 = Debug|Any CPU
		{B4FAF7B4-4827-4BC5-A4CE-C2110C987E0F}.Release|Any CPU.ActiveCfg = Release|Any CPU
		{B4FAF7B4-4827-4BC5-A4CE-C2110C987E0F}.Release|Any CPU.Build.0 = Release|Any CPU
		{9A067E01-B699-490F-A79A-3B736EF7E835}.Debug|Any CPU.ActiveCfg = Debug|Any CPU
		{9A067E01-B699-490F-A79A-3B736EF7E835}.Debug|Any CPU.Build.0 = Debug|Any CPU
		{9A067E01-B699-490F-A79A-3B736EF7E835}.Release|Any CPU.ActiveCfg = Release|Any CPU
		{9A067E01-B699-490F-A79A-3B736EF7E835}.Release|Any CPU.Build.0 = Release|Any CPU
		{7AA6EACD-98D0-430B-9B8F-051A3B2D4ADB}.Debug|Any CPU.ActiveCfg = Debug|Any CPU
		{7AA6EACD-98D0-430B-9B8F-051A3B2D4ADB}.Debug|Any CPU.Build.0 = Debug|Any CPU
		{7AA6EACD-98D0-430B-9B8F-051A3B2D4ADB}.Release|Any CPU.ActiveCfg = Release|Any CPU
		{7AA6EACD-98D0-430B-9B8F-051A3B2D4ADB}.Release|Any CPU.Build.0 = Release|Any CPU
		{E9FB00B9-88AC-4DB6-B943-97A4C1C4598E}.Debug|Any CPU.ActiveCfg = Debug|Any CPU
		{E9FB00B9-88AC-4DB6-B943-97A4C1C4598E}.Debug|Any CPU.Build.0 = Debug|Any CPU
		{E9FB00B9-88AC-4DB6-B943-97A4C1C4598E}.Release|Any CPU.ActiveCfg = Release|Any CPU
		{E9FB00B9-88AC-4DB6-B943-97A4C1C4598E}.Release|Any CPU.Build.0 = Release|Any CPU
		{782CF7E7-BC7B-4D07-9359-A0FFD8F4D972}.Debug|Any CPU.ActiveCfg = Debug|Any CPU
		{782CF7E7-BC7B-4D07-9359-A0FFD8F4D972}.Debug|Any CPU.Build.0 = Debug|Any CPU
		{782CF7E7-BC7B-4D07-9359-A0FFD8F4D972}.Release|Any CPU.ActiveCfg = Release|Any CPU
		{782CF7E7-BC7B-4D07-9359-A0FFD8F4D972}.Release|Any CPU.Build.0 = Release|Any CPU
		{254E3F32-C63D-4D14-A678-52FC0BC21FEE}.Debug|Any CPU.ActiveCfg = Debug|Any CPU
		{254E3F32-C63D-4D14-A678-52FC0BC21FEE}.Debug|Any CPU.Build.0 = Debug|Any CPU
		{254E3F32-C63D-4D14-A678-52FC0BC21FEE}.Release|Any CPU.ActiveCfg = Release|Any CPU
		{254E3F32-C63D-4D14-A678-52FC0BC21FEE}.Release|Any CPU.Build.0 = Release|Any CPU
		{B5301E72-1C0A-4F5D-98C0-A91B10959038}.Debug|Any CPU.ActiveCfg = Debug|Any CPU
		{B5301E72-1C0A-4F5D-98C0-A91B10959038}.Debug|Any CPU.Build.0 = Debug|Any CPU
		{B5301E72-1C0A-4F5D-98C0-A91B10959038}.Release|Any CPU.ActiveCfg = Release|Any CPU
		{B5301E72-1C0A-4F5D-98C0-A91B10959038}.Release|Any CPU.Build.0 = Release|Any CPU
		{6A988EE5-E102-4EEE-9B3E-3F2A4A61D610}.Debug|Any CPU.ActiveCfg = Debug|Any CPU
		{6A988EE5-E102-4EEE-9B3E-3F2A4A61D610}.Debug|Any CPU.Build.0 = Debug|Any CPU
		{6A988EE5-E102-4EEE-9B3E-3F2A4A61D610}.Release|Any CPU.ActiveCfg = Release|Any CPU
		{6A988EE5-E102-4EEE-9B3E-3F2A4A61D610}.Release|Any CPU.Build.0 = Release|Any CPU
		{330D0FB5-750F-4BE4-8586-C777CA447DAE}.Debug|Any CPU.ActiveCfg = Debug|Any CPU
		{330D0FB5-750F-4BE4-8586-C777CA447DAE}.Debug|Any CPU.Build.0 = Debug|Any CPU
		{330D0FB5-750F-4BE4-8586-C777CA447DAE}.Release|Any CPU.ActiveCfg = Release|Any CPU
		{330D0FB5-750F-4BE4-8586-C777CA447DAE}.Release|Any CPU.Build.0 = Release|Any CPU
		{72C8B8CE-77BF-4010-8859-5009C031954C}.Debug|Any CPU.ActiveCfg = Debug|Any CPU
		{72C8B8CE-77BF-4010-8859-5009C031954C}.Debug|Any CPU.Build.0 = Debug|Any CPU
		{72C8B8CE-77BF-4010-8859-5009C031954C}.Release|Any CPU.ActiveCfg = Release|Any CPU
		{72C8B8CE-77BF-4010-8859-5009C031954C}.Release|Any CPU.Build.0 = Release|Any CPU
		{3C9774DD-5385-4ADD-8210-B3841B817536}.Debug|Any CPU.ActiveCfg = Debug|Any CPU
		{3C9774DD-5385-4ADD-8210-B3841B817536}.Debug|Any CPU.Build.0 = Debug|Any CPU
		{3C9774DD-5385-4ADD-8210-B3841B817536}.Release|Any CPU.ActiveCfg = Release|Any CPU
		{3C9774DD-5385-4ADD-8210-B3841B817536}.Release|Any CPU.Build.0 = Release|Any CPU
		{61F8188C-8797-48EF-9EAD-686738130EC3}.Debug|Any CPU.ActiveCfg = Debug|Any CPU
		{61F8188C-8797-48EF-9EAD-686738130EC3}.Debug|Any CPU.Build.0 = Debug|Any CPU
		{61F8188C-8797-48EF-9EAD-686738130EC3}.Release|Any CPU.ActiveCfg = Release|Any CPU
		{61F8188C-8797-48EF-9EAD-686738130EC3}.Release|Any CPU.Build.0 = Release|Any CPU
		{12F7F5BF-06A2-41E5-B0DC-F1FE978D76D2}.Debug|Any CPU.ActiveCfg = Debug|Any CPU
		{12F7F5BF-06A2-41E5-B0DC-F1FE978D76D2}.Debug|Any CPU.Build.0 = Debug|Any CPU
		{12F7F5BF-06A2-41E5-B0DC-F1FE978D76D2}.Release|Any CPU.ActiveCfg = Release|Any CPU
		{12F7F5BF-06A2-41E5-B0DC-F1FE978D76D2}.Release|Any CPU.Build.0 = Release|Any CPU
		{7BCE22D8-0E77-48BB-BA54-DB8A3F116CF4}.Debug|Any CPU.ActiveCfg = Debug|Any CPU
		{7BCE22D8-0E77-48BB-BA54-DB8A3F116CF4}.Debug|Any CPU.Build.0 = Debug|Any CPU
		{7BCE22D8-0E77-48BB-BA54-DB8A3F116CF4}.Release|Any CPU.ActiveCfg = Release|Any CPU
		{7BCE22D8-0E77-48BB-BA54-DB8A3F116CF4}.Release|Any CPU.Build.0 = Release|Any CPU
		{4AB2C236-70B8-4EEC-84E3-E4FCA488C02F}.Debug|Any CPU.ActiveCfg = Debug|Any CPU
		{4AB2C236-70B8-4EEC-84E3-E4FCA488C02F}.Debug|Any CPU.Build.0 = Debug|Any CPU
		{4AB2C236-70B8-4EEC-84E3-E4FCA488C02F}.Release|Any CPU.ActiveCfg = Release|Any CPU
		{4AB2C236-70B8-4EEC-84E3-E4FCA488C02F}.Release|Any CPU.Build.0 = Release|Any CPU
		{7918AF0D-676E-40AB-9A73-C0EDA5C2A591}.Debug|Any CPU.ActiveCfg = Debug|Any CPU
		{7918AF0D-676E-40AB-9A73-C0EDA5C2A591}.Debug|Any CPU.Build.0 = Debug|Any CPU
		{7918AF0D-676E-40AB-9A73-C0EDA5C2A591}.Release|Any CPU.ActiveCfg = Release|Any CPU
		{7918AF0D-676E-40AB-9A73-C0EDA5C2A591}.Release|Any CPU.Build.0 = Release|Any CPU
		{2C47F8E0-1C56-4332-8E6F-743ACE4A9D3F}.Debug|Any CPU.ActiveCfg = Debug|Any CPU
		{2C47F8E0-1C56-4332-8E6F-743ACE4A9D3F}.Debug|Any CPU.Build.0 = Debug|Any CPU
		{2C47F8E0-1C56-4332-8E6F-743ACE4A9D3F}.Release|Any CPU.ActiveCfg = Release|Any CPU
		{2C47F8E0-1C56-4332-8E6F-743ACE4A9D3F}.Release|Any CPU.Build.0 = Release|Any CPU
		{E0BB127A-5622-4679-BBA6-41DD26EF8058}.Debug|Any CPU.ActiveCfg = Debug|Any CPU
		{E0BB127A-5622-4679-BBA6-41DD26EF8058}.Debug|Any CPU.Build.0 = Debug|Any CPU
		{E0BB127A-5622-4679-BBA6-41DD26EF8058}.Release|Any CPU.ActiveCfg = Release|Any CPU
		{E0BB127A-5622-4679-BBA6-41DD26EF8058}.Release|Any CPU.Build.0 = Release|Any CPU
		{20EC0733-4E26-4979-873B-77AE86C2CD37}.Debug|Any CPU.ActiveCfg = Debug|Any CPU
		{20EC0733-4E26-4979-873B-77AE86C2CD37}.Debug|Any CPU.Build.0 = Debug|Any CPU
		{20EC0733-4E26-4979-873B-77AE86C2CD37}.Release|Any CPU.ActiveCfg = Release|Any CPU
		{20EC0733-4E26-4979-873B-77AE86C2CD37}.Release|Any CPU.Build.0 = Release|Any CPU
		{DA94730D-47D9-4163-9A92-D6E7500E53DE}.Debug|Any CPU.ActiveCfg = Debug|Any CPU
		{DA94730D-47D9-4163-9A92-D6E7500E53DE}.Debug|Any CPU.Build.0 = Debug|Any CPU
		{DA94730D-47D9-4163-9A92-D6E7500E53DE}.Release|Any CPU.ActiveCfg = Release|Any CPU
		{DA94730D-47D9-4163-9A92-D6E7500E53DE}.Release|Any CPU.Build.0 = Release|Any CPU
		{80DB180B-C9EF-498A-B224-FE7AB4BB2AF8}.Debug|Any CPU.ActiveCfg = Debug|Any CPU
		{80DB180B-C9EF-498A-B224-FE7AB4BB2AF8}.Debug|Any CPU.Build.0 = Debug|Any CPU
		{80DB180B-C9EF-498A-B224-FE7AB4BB2AF8}.Release|Any CPU.ActiveCfg = Release|Any CPU
		{80DB180B-C9EF-498A-B224-FE7AB4BB2AF8}.Release|Any CPU.Build.0 = Release|Any CPU
		{56B9D1AD-552A-4F67-A56C-1EDBE3FF27AE}.Debug|Any CPU.ActiveCfg = Debug|Any CPU
		{56B9D1AD-552A-4F67-A56C-1EDBE3FF27AE}.Debug|Any CPU.Build.0 = Debug|Any CPU
		{56B9D1AD-552A-4F67-A56C-1EDBE3FF27AE}.Release|Any CPU.ActiveCfg = Release|Any CPU
		{56B9D1AD-552A-4F67-A56C-1EDBE3FF27AE}.Release|Any CPU.Build.0 = Release|Any CPU
		{D5E2E53B-3DE2-43EF-A47C-696F9495AFDD}.Debug|Any CPU.ActiveCfg = Debug|Any CPU
		{D5E2E53B-3DE2-43EF-A47C-696F9495AFDD}.Debug|Any CPU.Build.0 = Debug|Any CPU
		{D5E2E53B-3DE2-43EF-A47C-696F9495AFDD}.Release|Any CPU.ActiveCfg = Release|Any CPU
		{D5E2E53B-3DE2-43EF-A47C-696F9495AFDD}.Release|Any CPU.Build.0 = Release|Any CPU
		{490035ED-C960-4902-A278-4037EF3974D6}.Debug|Any CPU.ActiveCfg = Debug|Any CPU
		{490035ED-C960-4902-A278-4037EF3974D6}.Debug|Any CPU.Build.0 = Debug|Any CPU
		{490035ED-C960-4902-A278-4037EF3974D6}.Release|Any CPU.ActiveCfg = Release|Any CPU
		{490035ED-C960-4902-A278-4037EF3974D6}.Release|Any CPU.Build.0 = Release|Any CPU
		{58938C8D-1EC8-46ED-B584-A9339F2CF568}.Debug|Any CPU.ActiveCfg = Debug|Any CPU
		{58938C8D-1EC8-46ED-B584-A9339F2CF568}.Debug|Any CPU.Build.0 = Debug|Any CPU
		{58938C8D-1EC8-46ED-B584-A9339F2CF568}.Release|Any CPU.ActiveCfg = Release|Any CPU
		{58938C8D-1EC8-46ED-B584-A9339F2CF568}.Release|Any CPU.Build.0 = Release|Any CPU
		{4D9AAB26-5542-4CB9-9E72-386541C842D9}.Debug|Any CPU.ActiveCfg = Debug|Any CPU
		{4D9AAB26-5542-4CB9-9E72-386541C842D9}.Debug|Any CPU.Build.0 = Debug|Any CPU
		{4D9AAB26-5542-4CB9-9E72-386541C842D9}.Release|Any CPU.ActiveCfg = Release|Any CPU
		{4D9AAB26-5542-4CB9-9E72-386541C842D9}.Release|Any CPU.Build.0 = Release|Any CPU
		{44122EF7-BA2B-41F0-9488-5289188FD273}.Debug|Any CPU.ActiveCfg = Debug|Any CPU
		{44122EF7-BA2B-41F0-9488-5289188FD273}.Debug|Any CPU.Build.0 = Debug|Any CPU
		{44122EF7-BA2B-41F0-9488-5289188FD273}.Release|Any CPU.ActiveCfg = Release|Any CPU
		{44122EF7-BA2B-41F0-9488-5289188FD273}.Release|Any CPU.Build.0 = Release|Any CPU
		{91F43B0E-AD83-43D4-A14C-87E4BFB43E72}.Debug|Any CPU.ActiveCfg = Debug|Any CPU
		{91F43B0E-AD83-43D4-A14C-87E4BFB43E72}.Debug|Any CPU.Build.0 = Debug|Any CPU
		{91F43B0E-AD83-43D4-A14C-87E4BFB43E72}.Release|Any CPU.ActiveCfg = Release|Any CPU
		{91F43B0E-AD83-43D4-A14C-87E4BFB43E72}.Release|Any CPU.Build.0 = Release|Any CPU
		{0B73F1ED-D267-4DE6-8A7F-4705AD7B8254}.Debug|Any CPU.ActiveCfg = Debug|Any CPU
		{0B73F1ED-D267-4DE6-8A7F-4705AD7B8254}.Debug|Any CPU.Build.0 = Debug|Any CPU
		{0B73F1ED-D267-4DE6-8A7F-4705AD7B8254}.Release|Any CPU.ActiveCfg = Release|Any CPU
		{0B73F1ED-D267-4DE6-8A7F-4705AD7B8254}.Release|Any CPU.Build.0 = Release|Any CPU
		{3FC22418-BA4B-4C3B-9ED5-A23DFE44959B}.Debug|Any CPU.ActiveCfg = Debug|Any CPU
		{3FC22418-BA4B-4C3B-9ED5-A23DFE44959B}.Debug|Any CPU.Build.0 = Debug|Any CPU
		{3FC22418-BA4B-4C3B-9ED5-A23DFE44959B}.Release|Any CPU.ActiveCfg = Release|Any CPU
		{3FC22418-BA4B-4C3B-9ED5-A23DFE44959B}.Release|Any CPU.Build.0 = Release|Any CPU
		{C85900B0-0A16-4337-880A-0488C773660C}.Debug|Any CPU.ActiveCfg = Debug|Any CPU
		{C85900B0-0A16-4337-880A-0488C773660C}.Debug|Any CPU.Build.0 = Debug|Any CPU
		{C85900B0-0A16-4337-880A-0488C773660C}.Release|Any CPU.ActiveCfg = Release|Any CPU
		{C85900B0-0A16-4337-880A-0488C773660C}.Release|Any CPU.Build.0 = Release|Any CPU
		{C4AC35D0-6D6E-442C-8614-33B883DEBBE4}.Debug|Any CPU.ActiveCfg = Debug|Any CPU
		{C4AC35D0-6D6E-442C-8614-33B883DEBBE4}.Debug|Any CPU.Build.0 = Debug|Any CPU
		{C4AC35D0-6D6E-442C-8614-33B883DEBBE4}.Release|Any CPU.ActiveCfg = Release|Any CPU
		{C4AC35D0-6D6E-442C-8614-33B883DEBBE4}.Release|Any CPU.Build.0 = Release|Any CPU
		{1B7E74DE-E559-49D7-A581-82BF4156BA7B}.Debug|Any CPU.ActiveCfg = Debug|Any CPU
		{1B7E74DE-E559-49D7-A581-82BF4156BA7B}.Debug|Any CPU.Build.0 = Debug|Any CPU
		{1B7E74DE-E559-49D7-A581-82BF4156BA7B}.Release|Any CPU.ActiveCfg = Release|Any CPU
		{1B7E74DE-E559-49D7-A581-82BF4156BA7B}.Release|Any CPU.Build.0 = Release|Any CPU
		{B2F3E7C7-2BE9-42C0-BDF8-E63AF4A3B3A7}.Debug|Any CPU.ActiveCfg = Debug|Any CPU
		{B2F3E7C7-2BE9-42C0-BDF8-E63AF4A3B3A7}.Debug|Any CPU.Build.0 = Debug|Any CPU
		{B2F3E7C7-2BE9-42C0-BDF8-E63AF4A3B3A7}.Release|Any CPU.ActiveCfg = Release|Any CPU
		{B2F3E7C7-2BE9-42C0-BDF8-E63AF4A3B3A7}.Release|Any CPU.Build.0 = Release|Any CPU
		{9292E67C-C0D9-4202-960A-9AE7485029D9}.Debug|Any CPU.ActiveCfg = Debug|Any CPU
		{9292E67C-C0D9-4202-960A-9AE7485029D9}.Debug|Any CPU.Build.0 = Debug|Any CPU
		{9292E67C-C0D9-4202-960A-9AE7485029D9}.Release|Any CPU.ActiveCfg = Release|Any CPU
		{9292E67C-C0D9-4202-960A-9AE7485029D9}.Release|Any CPU.Build.0 = Release|Any CPU
		{61B220B4-6A9D-448C-BA93-785CF851A0DF}.Debug|Any CPU.ActiveCfg = Debug|Any CPU
		{61B220B4-6A9D-448C-BA93-785CF851A0DF}.Debug|Any CPU.Build.0 = Debug|Any CPU
		{61B220B4-6A9D-448C-BA93-785CF851A0DF}.Release|Any CPU.ActiveCfg = Release|Any CPU
		{61B220B4-6A9D-448C-BA93-785CF851A0DF}.Release|Any CPU.Build.0 = Release|Any CPU
		{BA2CE857-2B0D-45E5-B0BC-3F54533512E0}.Debug|Any CPU.ActiveCfg = Debug|Any CPU
		{BA2CE857-2B0D-45E5-B0BC-3F54533512E0}.Debug|Any CPU.Build.0 = Debug|Any CPU
		{BA2CE857-2B0D-45E5-B0BC-3F54533512E0}.Release|Any CPU.ActiveCfg = Release|Any CPU
		{BA2CE857-2B0D-45E5-B0BC-3F54533512E0}.Release|Any CPU.Build.0 = Release|Any CPU
		{4C96E6F0-E673-4085-A04C-CA642BFA5EE3}.Debug|Any CPU.ActiveCfg = Debug|Any CPU
		{4C96E6F0-E673-4085-A04C-CA642BFA5EE3}.Debug|Any CPU.Build.0 = Debug|Any CPU
		{4C96E6F0-E673-4085-A04C-CA642BFA5EE3}.Release|Any CPU.ActiveCfg = Release|Any CPU
		{4C96E6F0-E673-4085-A04C-CA642BFA5EE3}.Release|Any CPU.Build.0 = Release|Any CPU
		{DF90557C-99A2-42B6-8BD3-3BF41C4C906C}.Debug|Any CPU.ActiveCfg = Debug|Any CPU
		{DF90557C-99A2-42B6-8BD3-3BF41C4C906C}.Debug|Any CPU.Build.0 = Debug|Any CPU
		{DF90557C-99A2-42B6-8BD3-3BF41C4C906C}.Release|Any CPU.ActiveCfg = Release|Any CPU
		{DF90557C-99A2-42B6-8BD3-3BF41C4C906C}.Release|Any CPU.Build.0 = Release|Any CPU
	EndGlobalSection
	GlobalSection(SolutionProperties) = preSolution
		HideSolutionNode = FALSE
	EndGlobalSection
	GlobalSection(NestedProjects) = preSolution
		{81309B66-4FF9-498C-83C5-097464C83892} = {A4365552-E2B5-4781-B8C7-E25F78BF37C6}
		{530D7837-73A7-4D0E-9A62-4D107C50FE20} = {88238011-171B-44FB-9AFF-662698673C18}
		{8F9339D2-D961-47C1-B5AF-5FF6C848A175} = {A50FDCE3-4081-4E45-AC1D-6C89C5D12C24}
		{F77AE640-BE21-4812-A9EF-AE4098CAB9A2} = {C7266C03-7B6D-4EA6-AEC3-106CE76863DD}
		{251FD29D-AD09-4952-9F42-425C540502B9} = {A50FDCE3-4081-4E45-AC1D-6C89C5D12C24}
		{AB93A1D5-97CF-4C29-BDDA-B1642C16A093} = {A50FDCE3-4081-4E45-AC1D-6C89C5D12C24}
		{2CC8EB56-DCB4-4B43-9490-F4D0A55DB24C} = {A50FDCE3-4081-4E45-AC1D-6C89C5D12C24}
		{CEB085B0-0FD7-40D2-95CE-3CBD2856A916} = {A50FDCE3-4081-4E45-AC1D-6C89C5D12C24}
		{3AC80823-641B-4A34-934C-D36ECE4EDC6E} = {A50FDCE3-4081-4E45-AC1D-6C89C5D12C24}
		{5363F892-87EF-44F5-8F05-3830E1C81C8F} = {A50FDCE3-4081-4E45-AC1D-6C89C5D12C24}
		{DCBA82E1-CD01-4B1C-8279-210C01BB95A2} = {A9F37EE5-AE72-42E5-8ACF-9F118D314D24}
		{4240774C-A37D-4ABE-80DC-725CDFF2EB7B} = {C7266C03-7B6D-4EA6-AEC3-106CE76863DD}
		{F3E71C2E-BF05-4A2D-A491-47FE6601452F} = {A50FDCE3-4081-4E45-AC1D-6C89C5D12C24}
		{33848DBB-B532-42A5-8CCD-9EDF9FD7CA42} = {CA19029A-5287-492D-BC93-3D3DD66DA61D}
		{2F9C7191-9A7B-464E-898E-35769802C5B9} = {C7266C03-7B6D-4EA6-AEC3-106CE76863DD}
		{E8DDB450-693D-4F17-B451-2D4FEA01FED3} = {A50FDCE3-4081-4E45-AC1D-6C89C5D12C24}
		{C54777B0-8E7A-4409-A90E-B2CA03922A2B} = {A50FDCE3-4081-4E45-AC1D-6C89C5D12C24}
		{86818FEE-4DE0-4154-AA8F-5ABA22981CB5} = {A50FDCE3-4081-4E45-AC1D-6C89C5D12C24}
		{B4FAF7B4-4827-4BC5-A4CE-C2110C987E0F} = {A50FDCE3-4081-4E45-AC1D-6C89C5D12C24}
		{9A067E01-B699-490F-A79A-3B736EF7E835} = {A50FDCE3-4081-4E45-AC1D-6C89C5D12C24}
		{7AA6EACD-98D0-430B-9B8F-051A3B2D4ADB} = {A50FDCE3-4081-4E45-AC1D-6C89C5D12C24}
		{E9FB00B9-88AC-4DB6-B943-97A4C1C4598E} = {A50FDCE3-4081-4E45-AC1D-6C89C5D12C24}
		{782CF7E7-BC7B-4D07-9359-A0FFD8F4D972} = {A50FDCE3-4081-4E45-AC1D-6C89C5D12C24}
		{254E3F32-C63D-4D14-A678-52FC0BC21FEE} = {A50FDCE3-4081-4E45-AC1D-6C89C5D12C24}
		{B5301E72-1C0A-4F5D-98C0-A91B10959038} = {A50FDCE3-4081-4E45-AC1D-6C89C5D12C24}
		{330D0FB5-750F-4BE4-8586-C777CA447DAE} = {A50FDCE3-4081-4E45-AC1D-6C89C5D12C24}
		{72C8B8CE-77BF-4010-8859-5009C031954C} = {A50FDCE3-4081-4E45-AC1D-6C89C5D12C24}
		{3C9774DD-5385-4ADD-8210-B3841B817536} = {A50FDCE3-4081-4E45-AC1D-6C89C5D12C24}
		{61F8188C-8797-48EF-9EAD-686738130EC3} = {A50FDCE3-4081-4E45-AC1D-6C89C5D12C24}
		{12F7F5BF-06A2-41E5-B0DC-F1FE978D76D2} = {A50FDCE3-4081-4E45-AC1D-6C89C5D12C24}
		{7BCE22D8-0E77-48BB-BA54-DB8A3F116CF4} = {A50FDCE3-4081-4E45-AC1D-6C89C5D12C24}
		{4AB2C236-70B8-4EEC-84E3-E4FCA488C02F} = {C7266C03-7B6D-4EA6-AEC3-106CE76863DD}
		{7918AF0D-676E-40AB-9A73-C0EDA5C2A591} = {C7266C03-7B6D-4EA6-AEC3-106CE76863DD}
		{E0BB127A-5622-4679-BBA6-41DD26EF8058} = {A9F37EE5-AE72-42E5-8ACF-9F118D314D24}
		{20EC0733-4E26-4979-873B-77AE86C2CD37} = {A9F37EE5-AE72-42E5-8ACF-9F118D314D24}
		{DA94730D-47D9-4163-9A92-D6E7500E53DE} = {A9F37EE5-AE72-42E5-8ACF-9F118D314D24}
		{80DB180B-C9EF-498A-B224-FE7AB4BB2AF8} = {88238011-171B-44FB-9AFF-662698673C18}
		{56B9D1AD-552A-4F67-A56C-1EDBE3FF27AE} = {A50FDCE3-4081-4E45-AC1D-6C89C5D12C24}
		{D5E2E53B-3DE2-43EF-A47C-696F9495AFDD} = {C7266C03-7B6D-4EA6-AEC3-106CE76863DD}
		{490035ED-C960-4902-A278-4037EF3974D6} = {A9F37EE5-AE72-42E5-8ACF-9F118D314D24}
		{58938C8D-1EC8-46ED-B584-A9339F2CF568} = {A2D59108-92D9-423C-AD35-446DB6128C77}
		{4D9AAB26-5542-4CB9-9E72-386541C842D9} = {C7266C03-7B6D-4EA6-AEC3-106CE76863DD}
		{44122EF7-BA2B-41F0-9488-5289188FD273} = {A50FDCE3-4081-4E45-AC1D-6C89C5D12C24}
		{91F43B0E-AD83-43D4-A14C-87E4BFB43E72} = {A50FDCE3-4081-4E45-AC1D-6C89C5D12C24}
		{C85900B0-0A16-4337-880A-0488C773660C} = {A9F37EE5-AE72-42E5-8ACF-9F118D314D24}
		{C4AC35D0-6D6E-442C-8614-33B883DEBBE4} = {A9F37EE5-AE72-42E5-8ACF-9F118D314D24}
		{1B7E74DE-E559-49D7-A581-82BF4156BA7B} = {A50FDCE3-4081-4E45-AC1D-6C89C5D12C24}
		{B2F3E7C7-2BE9-42C0-BDF8-E63AF4A3B3A7} = {A50FDCE3-4081-4E45-AC1D-6C89C5D12C24}
		{9292E67C-C0D9-4202-960A-9AE7485029D9} = {A50FDCE3-4081-4E45-AC1D-6C89C5D12C24}
		{61B220B4-6A9D-448C-BA93-785CF851A0DF} = {C7266C03-7B6D-4EA6-AEC3-106CE76863DD}
		{BA2CE857-2B0D-45E5-B0BC-3F54533512E0} = {C7266C03-7B6D-4EA6-AEC3-106CE76863DD}
		{4C96E6F0-E673-4085-A04C-CA642BFA5EE3} = {A9F37EE5-AE72-42E5-8ACF-9F118D314D24}
		{DF90557C-99A2-42B6-8BD3-3BF41C4C906C} = {A50FDCE3-4081-4E45-AC1D-6C89C5D12C24}
	EndGlobalSection
	GlobalSection(ExtensibilityGlobals) = postSolution
		SolutionGuid = {ACCE6DE0-243F-4142-A633-809E34F44F64}
	EndGlobalSection
EndGlobal
