Microsoft Visual Studio Solution File, Format Version 12.00
# Visual Studio Version 17
VisualStudioVersion = 17.0.31919.166
MinimumVisualStudioVersion = 10.0.40219.1
Project("{9A19103F-16F7-4668-BE54-9A1E7A4F7556}") = "brows", "brows\brows.csproj", "{81309B66-4FF9-498C-83C5-097464C83892}"
	ProjectSection(ProjectDependencies) = postProject
		{038A9BA1-0BE6-4FD0-8063-50A0F17E9402} = {038A9BA1-0BE6-4FD0-8063-50A0F17E9402}
		{04DBA3AB-F78E-4634-A94F-E70E89500D8E} = {04DBA3AB-F78E-4634-A94F-E70E89500D8E}
		{0BD0B242-8ED5-44DC-8C78-8F34D7A93441} = {0BD0B242-8ED5-44DC-8C78-8F34D7A93441}
		{0F333279-FBBF-486D-AB69-368F5FBF26FE} = {0F333279-FBBF-486D-AB69-368F5FBF26FE}
		{1171AF82-37CC-4EF0-89B3-0CEE968D629D} = {1171AF82-37CC-4EF0-89B3-0CEE968D629D}
		{12415DD5-B388-4184-BA9B-A99AC205DF40} = {12415DD5-B388-4184-BA9B-A99AC205DF40}
		{12A5BD53-DAFB-44D6-BAD7-CCE36ED0962F} = {12A5BD53-DAFB-44D6-BAD7-CCE36ED0962F}
		{1443FF78-A3CB-4240-821A-577C44C8F79E} = {1443FF78-A3CB-4240-821A-577C44C8F79E}
		{17A62EDA-D580-4705-946E-3290511B9DD7} = {17A62EDA-D580-4705-946E-3290511B9DD7}
		{1C15093D-8CB5-4EC6-B5CF-4697E8BFDF87} = {1C15093D-8CB5-4EC6-B5CF-4697E8BFDF87}
		{23016BDC-BE82-41B8-97F6-BA8D480409AB} = {23016BDC-BE82-41B8-97F6-BA8D480409AB}
		{399452F0-1C00-44B9-A376-A090D335BE31} = {399452F0-1C00-44B9-A376-A090D335BE31}
		{3BFDEE21-3CDE-469D-B215-DFFA87EB6FD9} = {3BFDEE21-3CDE-469D-B215-DFFA87EB6FD9}
		{4336A835-7509-440C-A4D6-DA3381C56F83} = {4336A835-7509-440C-A4D6-DA3381C56F83}
		{43AB4BCD-57AD-486C-B80A-ACC9828B6E4C} = {43AB4BCD-57AD-486C-B80A-ACC9828B6E4C}
		{44386237-19CB-45A2-AFBD-0FBF89AACF48} = {44386237-19CB-45A2-AFBD-0FBF89AACF48}
		{498B8ECC-336E-4040-8CE6-E92B3F4B849B} = {498B8ECC-336E-4040-8CE6-E92B3F4B849B}
		{4B014694-6BFB-48DF-8B1B-93D1BC0595F2} = {4B014694-6BFB-48DF-8B1B-93D1BC0595F2}
		{4B4D2F23-7E22-4E09-97FE-717ECA159F66} = {4B4D2F23-7E22-4E09-97FE-717ECA159F66}
		{4F4DB219-C34F-4274-95EB-84177608D057} = {4F4DB219-C34F-4274-95EB-84177608D057}
		{50BFB719-03EC-475D-8458-A60F631F92D7} = {50BFB719-03EC-475D-8458-A60F631F92D7}
		{68A66BFA-9D73-4362-AF8F-36167E53185C} = {68A66BFA-9D73-4362-AF8F-36167E53185C}
		{68F1EF21-4F0E-49A1-B211-ABE567405ED2} = {68F1EF21-4F0E-49A1-B211-ABE567405ED2}
		{6DD99A26-A5AD-4ACB-90CF-B6416697FDBC} = {6DD99A26-A5AD-4ACB-90CF-B6416697FDBC}
		{70E85BDA-9F10-4C98-823C-280B10CA9FEC} = {70E85BDA-9F10-4C98-823C-280B10CA9FEC}
		{7AA6EACD-98D0-430B-9B8F-051A3B2D4ADB} = {7AA6EACD-98D0-430B-9B8F-051A3B2D4ADB}
		{7BCE22D8-0E77-48BB-BA54-DB8A3F116CF4} = {7BCE22D8-0E77-48BB-BA54-DB8A3F116CF4}
		{816D7B88-FF33-4946-9611-9C372DE1C190} = {816D7B88-FF33-4946-9611-9C372DE1C190}
		{85367596-DCBD-4E4A-AFDE-631D861BF4CE} = {85367596-DCBD-4E4A-AFDE-631D861BF4CE}
		{856A41B2-CD45-4C0E-9931-DE501CB27677} = {856A41B2-CD45-4C0E-9931-DE501CB27677}
		{8702A542-B88E-468B-A0D8-4095C2A76C90} = {8702A542-B88E-468B-A0D8-4095C2A76C90}
		{9292E67C-C0D9-4202-960A-9AE7485029D9} = {9292E67C-C0D9-4202-960A-9AE7485029D9}
		{95292F35-5951-41FB-9720-222943C32C22} = {95292F35-5951-41FB-9720-222943C32C22}
		{99592046-9A96-4DEF-854C-A5FF1AC07F69} = {99592046-9A96-4DEF-854C-A5FF1AC07F69}
		{9A84837F-235D-4BC8-9E9F-975AF543D084} = {9A84837F-235D-4BC8-9E9F-975AF543D084}
		{9C1E7792-7864-4D39-AAAE-651958C67027} = {9C1E7792-7864-4D39-AAAE-651958C67027}
		{9CF18D49-9EF8-4286-B982-E0DB1B7306E1} = {9CF18D49-9EF8-4286-B982-E0DB1B7306E1}
		{A0C7B4D7-13B6-4E4A-AF67-F1A701BAD4D8} = {A0C7B4D7-13B6-4E4A-AF67-F1A701BAD4D8}
		{A51C9EE8-78A7-49B5-A188-8F2812CBC929} = {A51C9EE8-78A7-49B5-A188-8F2812CBC929}
		{A5C75822-6BD5-4777-98F7-01FFE6A4002F} = {A5C75822-6BD5-4777-98F7-01FFE6A4002F}
		{A7EE917D-A39D-43FB-A443-EDB05A90D3B3} = {A7EE917D-A39D-43FB-A443-EDB05A90D3B3}
		{B2F3E7C7-2BE9-42C0-BDF8-E63AF4A3B3A7} = {B2F3E7C7-2BE9-42C0-BDF8-E63AF4A3B3A7}
		{B4FAF7B4-4827-4BC5-A4CE-C2110C987E0F} = {B4FAF7B4-4827-4BC5-A4CE-C2110C987E0F}
		{BCAE36F1-7612-4938-9816-0BCA282E5E35} = {BCAE36F1-7612-4938-9816-0BCA282E5E35}
		{BDA4BFE5-CE11-4403-8A19-94E8A1083846} = {BDA4BFE5-CE11-4403-8A19-94E8A1083846}
		{BE7911B6-5C09-4B37-A12E-C144D8DF212A} = {BE7911B6-5C09-4B37-A12E-C144D8DF212A}
		{C14376B5-CEA0-49E9-A5F9-868F94B8CD6B} = {C14376B5-CEA0-49E9-A5F9-868F94B8CD6B}
		{D16CC54E-4933-40CB-92AC-ACBA3BB2AD1C} = {D16CC54E-4933-40CB-92AC-ACBA3BB2AD1C}
		{D73CACE5-8289-4489-B2DE-B69CB1FD3554} = {D73CACE5-8289-4489-B2DE-B69CB1FD3554}
		{D7B6B142-B292-4675-A972-0228C768BFBA} = {D7B6B142-B292-4675-A972-0228C768BFBA}
		{DE066D74-A522-4DC0-AB7C-5BF3CD23B4D7} = {DE066D74-A522-4DC0-AB7C-5BF3CD23B4D7}
		{ED17D3FF-D200-4603-AC54-DD07B939E5FA} = {ED17D3FF-D200-4603-AC54-DD07B939E5FA}
		{EEB8C8DC-1AF1-4726-9DCA-D33D704815E6} = {EEB8C8DC-1AF1-4726-9DCA-D33D704815E6}
		{F11A3977-C534-419C-9431-D597469E1C91} = {F11A3977-C534-419C-9431-D597469E1C91}
		{FF2904C6-FC59-44D7-8049-45AAFE421ACA} = {FF2904C6-FC59-44D7-8049-45AAFE421ACA}
	EndProjectSection
EndProject
Project("{9A19103F-16F7-4668-BE54-9A1E7A4F7556}") = "Brows.Commander", "Brows.Commander\Brows.Commander.csproj", "{FF2904C6-FC59-44D7-8049-45AAFE421ACA}"
EndProject
Project("{9A19103F-16F7-4668-BE54-9A1E7A4F7556}") = "Brows.Provider.Contract", "Brows.Provider.Contract\Brows.Provider.Contract.csproj", "{B4FAF7B4-4827-4BC5-A4CE-C2110C987E0F}"
EndProject
Project("{9A19103F-16F7-4668-BE54-9A1E7A4F7556}") = "Brows.Provider.Framework", "Brows.Provider.Framework\Brows.Provider.Framework.csproj", "{7AA6EACD-98D0-430B-9B8F-051A3B2D4ADB}"
EndProject
Project("{9A19103F-16F7-4668-BE54-9A1E7A4F7556}") = "Brows.Trigger.Contract", "Brows.Trigger.Contract\Brows.Trigger.Contract.csproj", "{7BCE22D8-0E77-48BB-BA54-DB8A3F116CF4}"
EndProject
Project("{2150E333-8FDC-42A3-9474-1A3956D46DE8}") = "framework", "framework", "{A50FDCE3-4081-4E45-AC1D-6C89C5D12C24}"
EndProject
Project("{9A19103F-16F7-4668-BE54-9A1E7A4F7556}") = "Brows.Provider.Gui", "Brows.Provider.Gui\Brows.Provider.Gui.csproj", "{44122EF7-BA2B-41F0-9488-5289188FD273}"
EndProject
Project("{9A19103F-16F7-4668-BE54-9A1E7A4F7556}") = "Brows.Commander.Gui", "Brows.Commander.Gui\Brows.Commander.Gui.csproj", "{0B73F1ED-D267-4DE6-8A7F-4705AD7B8254}"
EndProject
Project("{9A19103F-16F7-4668-BE54-9A1E7A4F7556}") = "Brows.Config.Contract", "Brows.Config.Contract\Brows.Config.Contract.csproj", "{B2F3E7C7-2BE9-42C0-BDF8-E63AF4A3B3A7}"
EndProject
Project("{9A19103F-16F7-4668-BE54-9A1E7A4F7556}") = "Brows.Config.Framework", "Brows.Config.Framework\Brows.Config.Framework.csproj", "{9292E67C-C0D9-4202-960A-9AE7485029D9}"
EndProject
Project("{9A19103F-16F7-4668-BE54-9A1E7A4F7556}") = "Brows.Program.Framework", "Brows.Program.Framework\Brows.Program.Framework.csproj", "{4B4D2F23-7E22-4E09-97FE-717ECA159F66}"
EndProject
Project("{9A19103F-16F7-4668-BE54-9A1E7A4F7556}") = "Brows.Program.Contract", "Brows.Program.Contract\Brows.Program.Contract.csproj", "{BCAE36F1-7612-4938-9816-0BCA282E5E35}"
EndProject
Project("{9A19103F-16F7-4668-BE54-9A1E7A4F7556}") = "Brows.Composition.Contract", "Brows.Composition.Contract\Brows.Composition.Contract.csproj", "{50BFB719-03EC-475D-8458-A60F631F92D7}"
EndProject
Project("{9A19103F-16F7-4668-BE54-9A1E7A4F7556}") = "Brows.Composition.Framework", "Brows.Composition.Framework\Brows.Composition.Framework.csproj", "{DF689F86-F0E0-4686-8E17-F0FAA2DE69C6}"
EndProject
Project("{9A19103F-16F7-4668-BE54-9A1E7A4F7556}") = "Brows.Trigger.Framework", "Brows.Trigger.Framework\Brows.Trigger.Framework.csproj", "{EEB8C8DC-1AF1-4726-9DCA-D33D704815E6}"
EndProject
Project("{9A19103F-16F7-4668-BE54-9A1E7A4F7556}") = "Brows.Gui.Contract", "Brows.Gui.Contract\Brows.Gui.Contract.csproj", "{4336A835-7509-440C-A4D6-DA3381C56F83}"
EndProject
Project("{2150E333-8FDC-42A3-9474-1A3956D46DE8}") = "export", "export", "{67EC35CD-9381-4051-AAAE-ACE1B387DB0E}"
	ProjectSection(SolutionItems) = preProject
		export\Directory.Build.props = export\Directory.Build.props
	EndProjectSection
EndProject
Project("{9A19103F-16F7-4668-BE54-9A1E7A4F7556}") = "Brows.Drives", "export\Brows.Drives\Brows.Drives.csproj", "{BDA4BFE5-CE11-4403-8A19-94E8A1083846}"
EndProject
Project("{9A19103F-16F7-4668-BE54-9A1E7A4F7556}") = "Brows.Runtime.Win32", "export\Brows.Runtime.Win32\Brows.Runtime.Win32.csproj", "{816D7B88-FF33-4946-9611-9C372DE1C190}"
EndProject
Project("{9A19103F-16F7-4668-BE54-9A1E7A4F7556}") = "Brows.FileSystem", "export\Brows.FileSystem\Brows.FileSystem.csproj", "{1171AF82-37CC-4EF0-89B3-0CEE968D629D}"
EndProject
Project("{9A19103F-16F7-4668-BE54-9A1E7A4F7556}") = "Brows.FileSystem.Win32", "export\Brows.FileSystem.Win32\Brows.FileSystem.Win32.csproj", "{04DBA3AB-F78E-4634-A94F-E70E89500D8E}"
EndProject
Project("{9A19103F-16F7-4668-BE54-9A1E7A4F7556}") = "Brows.Drives.Win32", "export\Brows.Drives.Win32\Brows.Drives.Win32.csproj", "{F11A3977-C534-419C-9431-D597469E1C91}"
EndProject
Project("{9A19103F-16F7-4668-BE54-9A1E7A4F7556}") = "Brows.Drives.Gui", "export\Brows.Drives.Gui\Brows.Drives.Gui.csproj", "{70E85BDA-9F10-4C98-823C-280B10CA9FEC}"
EndProject
Project("{9A19103F-16F7-4668-BE54-9A1E7A4F7556}") = "Brows.FileSystem.Gui", "export\Brows.FileSystem.Gui\Brows.FileSystem.Gui.csproj", "{1C15093D-8CB5-4EC6-B5CF-4697E8BFDF87}"
EndProject
Project("{9A19103F-16F7-4668-BE54-9A1E7A4F7556}") = "Brows.Commands.Bookmark", "export\Brows.Commands.Bookmark\Brows.Commands.Bookmark.csproj", "{12415DD5-B388-4184-BA9B-A99AC205DF40}"
EndProject
Project("{9A19103F-16F7-4668-BE54-9A1E7A4F7556}") = "Brows.Commands.Bookmark.Gui", "export\Brows.Commands.Bookmark.Gui\Brows.Commands.Bookmark.Gui.csproj", "{85367596-DCBD-4E4A-AFDE-631D861BF4CE}"
EndProject
Project("{9A19103F-16F7-4668-BE54-9A1E7A4F7556}") = "Brows.Commands.DataKey", "export\Brows.Commands.DataKey\Brows.Commands.DataKey.csproj", "{68A66BFA-9D73-4362-AF8F-36167E53185C}"
EndProject
Project("{9A19103F-16F7-4668-BE54-9A1E7A4F7556}") = "Brows.Commands.DataKey.Gui", "export\Brows.Commands.DataKey.Gui\Brows.Commands.DataKey.Gui.csproj", "{D73CACE5-8289-4489-B2DE-B69CB1FD3554}"
EndProject
Project("{9A19103F-16F7-4668-BE54-9A1E7A4F7556}") = "Brows.Commands.Manual", "export\Brows.Commands.Manual\Brows.Commands.Manual.csproj", "{C14376B5-CEA0-49E9-A5F9-868F94B8CD6B}"
EndProject
Project("{9A19103F-16F7-4668-BE54-9A1E7A4F7556}") = "Brows.Commands.Manual.Gui", "export\Brows.Commands.Manual.Gui\Brows.Commands.Manual.Gui.csproj", "{9CF18D49-9EF8-4286-B982-E0DB1B7306E1}"
EndProject
Project("{9A19103F-16F7-4668-BE54-9A1E7A4F7556}") = "Brows.Commands.Operations", "export\Brows.Commands.Operations\Brows.Commands.Operations.csproj", "{A7EE917D-A39D-43FB-A443-EDB05A90D3B3}"
EndProject
Project("{9A19103F-16F7-4668-BE54-9A1E7A4F7556}") = "Brows.Commands.Process", "export\Brows.Commands.Process\Brows.Commands.Process.csproj", "{43AB4BCD-57AD-486C-B80A-ACC9828B6E4C}"
EndProject
Project("{9A19103F-16F7-4668-BE54-9A1E7A4F7556}") = "Brows.Commands.Process.Gui", "export\Brows.Commands.Process.Gui\Brows.Commands.Process.Gui.csproj", "{95292F35-5951-41FB-9720-222943C32C22}"
EndProject
Project("{9A19103F-16F7-4668-BE54-9A1E7A4F7556}") = "Brows.FileSystem.Commands.Find", "export\Brows.FileSystem.Commands.Find\Brows.FileSystem.Commands.Find.csproj", "{A51C9EE8-78A7-49B5-A188-8F2812CBC929}"
EndProject
Project("{9A19103F-16F7-4668-BE54-9A1E7A4F7556}") = "Brows.FileSystem.Commands.Find.Gui", "export\Brows.FileSystem.Commands.Find.Gui\Brows.FileSystem.Commands.Find.Gui.csproj", "{D16CC54E-4933-40CB-92AC-ACBA3BB2AD1C}"
EndProject
Project("{2150E333-8FDC-42A3-9474-1A3956D46DE8}") = "domore", "domore", "{0B8550DC-35F0-455C-8571-E8E697E9625C}"
	ProjectSection(SolutionItems) = preProject
		domore\Directory.Build.props = domore\Directory.Build.props
	EndProjectSection
EndProject
Project("{9A19103F-16F7-4668-BE54-9A1E7A4F7556}") = "Domore.AsyncTextReading", "domore\Domore.AsyncTextReading\Domore.AsyncTextReading.csproj", "{25F0D914-981A-49BE-9970-FC29F858FC67}"
EndProject
Project("{9A19103F-16F7-4668-BE54-9A1E7A4F7556}") = "Domore.AsyncTextReading.Tests", "domore\Domore.AsyncTextReading.Tests\Domore.AsyncTextReading.Tests.csproj", "{1443FF78-A3CB-4240-821A-577C44C8F79E}"
EndProject
Project("{9A19103F-16F7-4668-BE54-9A1E7A4F7556}") = "Domore.FileSystemWatching", "domore\Domore.FileSystemWatching\Domore.FileSystemWatching.csproj", "{0BAAE738-7CEC-423A-8D58-FFF4718C04A3}"
EndProject
Project("{9A19103F-16F7-4668-BE54-9A1E7A4F7556}") = "Domore.IPC", "domore\Domore.IPC\Domore.IPC.csproj", "{965ABD04-4CD1-4A83-9F56-8238C2E1482F}"
EndProject
Project("{9A19103F-16F7-4668-BE54-9A1E7A4F7556}") = "Domore.Win32", "domore\Domore.Win32\Domore.Win32.csproj", "{75FF86B5-FCFC-470E-876D-DC618C20392B}"
EndProject
Project("{9A19103F-16F7-4668-BE54-9A1E7A4F7556}") = "Domore.Win32.STAThreadPool", "domore\Domore.Win32.STAThreadPool\Domore.Win32.STAThreadPool.csproj", "{FBA1D614-6378-48C9-A975-ED084D461CCF}"
EndProject
Project("{9A19103F-16F7-4668-BE54-9A1E7A4F7556}") = "Domore.Win32.Windows", "domore\Domore.Win32.Windows\Domore.Win32.Windows.csproj", "{D52624D1-9BF1-4B00-A59F-48C803EF4091}"
EndProject
Project("{9A19103F-16F7-4668-BE54-9A1E7A4F7556}") = "Domore.Win32.Windows.PreviewHandlerControl", "domore\Domore.Win32.Windows.PreviewHandlerControl\Domore.Win32.Windows.PreviewHandlerControl.csproj", "{821C87C4-BA8F-4F09-8DA5-2F1FC9FCEF97}"
EndProject
Project("{9A19103F-16F7-4668-BE54-9A1E7A4F7556}") = "Domore.Win32.Windows.PreviewTextControl", "domore\Domore.Win32.Windows.PreviewTextControl\Domore.Win32.Windows.PreviewTextControl.csproj", "{60652593-B7F4-4835-88F3-EE5FCA7D40CA}"
EndProject
Project("{9A19103F-16F7-4668-BE54-9A1E7A4F7556}") = "Domore.FileSystem", "domore\Domore.FileSystem\Domore.FileSystem.csproj", "{405706A7-187C-4B94-8FC1-25BBA5A5788E}"
EndProject
Project("{9A19103F-16F7-4668-BE54-9A1E7A4F7556}") = "Brows.Request.Contract", "Brows.Request.Contract\Brows.Request.Contract.csproj", "{3F673C5B-25A6-4614-91C9-66179A139516}"
EndProject
Project("{9A19103F-16F7-4668-BE54-9A1E7A4F7556}") = "Brows.Request.Framework", "Brows.Request.Framework\Brows.Request.Framework.csproj", "{666B05C3-46CE-44A7-A593-430B904D2718}"
EndProject
Project("{9A19103F-16F7-4668-BE54-9A1E7A4F7556}") = "Brows.Match.Contract", "Brows.Match.Contract\Brows.Match.Contract.csproj", "{64FA0F3B-009C-4465-88D7-158A69A17B74}"
EndProject
Project("{9A19103F-16F7-4668-BE54-9A1E7A4F7556}") = "Brows.Match.Framework", "Brows.Match.Framework\Brows.Match.Framework.csproj", "{822C4989-EE51-4192-B713-5896DD68D29A}"
EndProject
Project("{9A19103F-16F7-4668-BE54-9A1E7A4F7556}") = "Brows.Commands.Select", "export\Brows.Commands.Select\Brows.Commands.Select.csproj", "{038A9BA1-0BE6-4FD0-8063-50A0F17E9402}"
EndProject
Project("{9A19103F-16F7-4668-BE54-9A1E7A4F7556}") = "Brows.Translation.Contract", "Brows.Translation.Contract\Brows.Translation.Contract.csproj", "{A7A03114-8961-4A06-A171-76716DA79BA0}"
EndProject
Project("{9A19103F-16F7-4668-BE54-9A1E7A4F7556}") = "Brows.Translation.Framework", "Brows.Translation.Framework\Brows.Translation.Framework.csproj", "{FACC6EBA-DBC8-431A-A91F-3641FF352DF8}"
EndProject
Project("{2150E333-8FDC-42A3-9474-1A3956D46DE8}") = "test", "test", "{B170C8D6-EABA-4B97-A367-4AB37014DAB2}"
EndProject
Project("{2150E333-8FDC-42A3-9474-1A3956D46DE8}") = "runtime", "runtime", "{A5DFAF88-251D-44A7-8556-D1B85FBE9294}"
EndProject
Project("{2150E333-8FDC-42A3-9474-1A3956D46DE8}") = "filesystem", "filesystem", "{8A41031D-4C50-4B11-B214-4A71702D58CD}"
EndProject
Project("{2150E333-8FDC-42A3-9474-1A3956D46DE8}") = "drives", "drives", "{22E8C0C0-CC22-4D70-AA75-ECA1ADFA9E77}"
EndProject
Project("{9A19103F-16F7-4668-BE54-9A1E7A4F7556}") = "Brows.FileSystem.Commands.CreateDirectory", "export\Brows.FileSystem.Commands.CreateDirectory\Brows.FileSystem.Commands.CreateDirectory.csproj", "{23016BDC-BE82-41B8-97F6-BA8D480409AB}"
EndProject
Project("{9A19103F-16F7-4668-BE54-9A1E7A4F7556}") = "Brows.FileSystem.Commands.CreateFile", "export\Brows.FileSystem.Commands.CreateFile\Brows.FileSystem.Commands.CreateFile.csproj", "{D7B6B142-B292-4675-A972-0228C768BFBA}"
EndProject
Project("{9A19103F-16F7-4668-BE54-9A1E7A4F7556}") = "Brows.FileSystem.Commands.Rename", "export\Brows.FileSystem.Commands.Rename\Brows.FileSystem.Commands.Rename.csproj", "{3BFDEE21-3CDE-469D-B215-DFFA87EB6FD9}"
EndProject
Project("{2150E333-8FDC-42A3-9474-1A3956D46DE8}") = "zip", "zip", "{34537F5E-3A69-4840-854D-ACE2A2D46D7D}"
EndProject
Project("{9A19103F-16F7-4668-BE54-9A1E7A4F7556}") = "Brows.Zip", "export\Brows.Zip\Brows.Zip.csproj", "{399452F0-1C00-44B9-A376-A090D335BE31}"
EndProject
Project("{9A19103F-16F7-4668-BE54-9A1E7A4F7556}") = "Brows.Zip.Gui", "export\Brows.Zip.Gui\Brows.Zip.Gui.csproj", "{856A41B2-CD45-4C0E-9931-DE501CB27677}"
EndProject
Project("{9A19103F-16F7-4668-BE54-9A1E7A4F7556}") = "Brows.Zip.Win32", "export\Brows.Zip.Win32\Brows.Zip.Win32.csproj", "{68F1EF21-4F0E-49A1-B211-ABE567405ED2}"
EndProject
Project("{9A19103F-16F7-4668-BE54-9A1E7A4F7556}") = "Brows.IO.Contract", "Brows.IO.Contract\Brows.IO.Contract.csproj", "{DCA89BF4-7589-42BE-A698-502714969A50}"
EndProject
Project("{9A19103F-16F7-4668-BE54-9A1E7A4F7556}") = "Brows.IO.Framework", "Brows.IO.Framework\Brows.IO.Framework.csproj", "{269D3E7D-326A-4053-AD23-6E516032C628}"
EndProject
Project("{9A19103F-16F7-4668-BE54-9A1E7A4F7556}") = "Brows.IO.Gui", "Brows.IO.Gui\Brows.IO.Gui.csproj", "{E96C62B0-A2F2-47CC-874A-5EDBA516BD72}"
EndProject
Project("{9A19103F-16F7-4668-BE54-9A1E7A4F7556}") = "Brows.Zip.Async", "export\Brows.Zip.Async\Brows.Zip.Async.csproj", "{8702A542-B88E-468B-A0D8-4095C2A76C90}"
EndProject
Project("{9A19103F-16F7-4668-BE54-9A1E7A4F7556}") = "Brows.FileSystem.Commands.NativeBrowse", "export\Brows.FileSystem.Commands.NativeBrowse\Brows.FileSystem.Commands.NativeBrowse.csproj", "{4F4DB219-C34F-4274-95EB-84177608D057}"
EndProject
Project("{9A19103F-16F7-4668-BE54-9A1E7A4F7556}") = "Brows.FileSystem.Commands.NativeDetail", "export\Brows.FileSystem.Commands.NativeDetail\Brows.FileSystem.Commands.NativeDetail.csproj", "{6DD99A26-A5AD-4ACB-90CF-B6416697FDBC}"
EndProject
Project("{9A19103F-16F7-4668-BE54-9A1E7A4F7556}") = "Brows.FileSystem.Commands.Edit", "export\Brows.FileSystem.Commands.Edit\Brows.FileSystem.Commands.Edit.csproj", "{ED17D3FF-D200-4603-AC54-DD07B939E5FA}"
EndProject
Project("{9A19103F-16F7-4668-BE54-9A1E7A4F7556}") = "Brows.FileSystem.Commands.Zip", "export\Brows.FileSystem.Commands.Zip\Brows.FileSystem.Commands.Zip.csproj", "{9A84837F-235D-4BC8-9E9F-975AF543D084}"
EndProject
Project("{9A19103F-16F7-4668-BE54-9A1E7A4F7556}") = "Domore.Win32.PropertySystem", "domore\Domore.Win32.PropertySystem\Domore.Win32.PropertySystem.csproj", "{43C14F21-EC9E-4BA2-AEBD-29316F792323}"
EndProject
Project("{9A19103F-16F7-4668-BE54-9A1E7A4F7556}") = "Brows.Scratchpad", "Brows.Scratchpad\Brows.Scratchpad.csproj", "{BE7911B6-5C09-4B37-A12E-C144D8DF212A}"
EndProject
Project("{2150E333-8FDC-42A3-9474-1A3956D46DE8}") = "internal", "internal", "{83F45F61-1A2E-454C-BB6F-F9111253D3C4}"
	ProjectSection(SolutionItems) = preProject
		.editorconfig = .editorconfig
		Directory.Build.props = Directory.Build.props
	EndProjectSection
EndProject
Project("{9A19103F-16F7-4668-BE54-9A1E7A4F7556}") = "Brows.Logs", "Brows.Logs\Brows.Logs.csproj", "{1F3E4D71-439D-460F-BF39-4DC2D00921B5}"
EndProject
Project("{2150E333-8FDC-42A3-9474-1A3956D46DE8}") = "commands", "commands", "{DBA4B94F-3FA1-40F2-A85F-7371B2E8F82E}"
EndProject
Project("{9A19103F-16F7-4668-BE54-9A1E7A4F7556}") = "Brows.Commands.Config", "export\Brows.Commands.Config\Brows.Commands.Config.csproj", "{A5C75822-6BD5-4777-98F7-01FFE6A4002F}"
EndProject
Project("{9A19103F-16F7-4668-BE54-9A1E7A4F7556}") = "Brows.Trigger.Gui", "Brows.Trigger.Gui\Brows.Trigger.Gui.csproj", "{A0C7B4D7-13B6-4E4A-AF67-F1A701BAD4D8}"
EndProject
Project("{9A19103F-16F7-4668-BE54-9A1E7A4F7556}") = "Brows.Gui.Framework", "Brows.Gui.Framework\Brows.Gui.Framework.csproj", "{74775CEF-5BDA-4E61-AF3B-51D132B72A55}"
EndProject
Project("{9A19103F-16F7-4668-BE54-9A1E7A4F7556}") = "Brows.Windows.App", "Brows.Windows.App\Brows.Windows.App.csproj", "{28D3E2A0-2DAE-4E00-A1C2-B9AB76E81A3C}"
EndProject
Project("{9A19103F-16F7-4668-BE54-9A1E7A4F7556}") = "Brows.Windows.AppComponent", "Brows.Windows.AppComponent\Brows.Windows.AppComponent.csproj", "{845483F3-FDC8-466E-85F1-821CB249B494}"
EndProject
Project("{9A19103F-16F7-4668-BE54-9A1E7A4F7556}") = "Brows.FileSystem.Commands.DrawImage", "export\Brows.FileSystem.Commands.DrawImage\Brows.FileSystem.Commands.DrawImage.csproj", "{DE066D74-A522-4DC0-AB7C-5BF3CD23B4D7}"
EndProject
Project("{9A19103F-16F7-4668-BE54-9A1E7A4F7556}") = "Brows.FileSystem.Navigation", "export\Brows.FileSystem.Navigation\Brows.FileSystem.Navigation.csproj", "{0F333279-FBBF-486D-AB69-368F5FBF26FE}"
EndProject
Project("{9A19103F-16F7-4668-BE54-9A1E7A4F7556}") = "Brows.FileSystem.Commands.Metadata", "export\Brows.FileSystem.Commands.Metadata\Brows.FileSystem.Commands.Metadata.csproj", "{9C1E7792-7864-4D39-AAAE-651958C67027}"
EndProject
Project("{2150E333-8FDC-42A3-9474-1A3956D46DE8}") = "ssh", "ssh", "{E16A8F9E-E3F5-41B1-844D-71638B711EE1}"
EndProject
Project("{9A19103F-16F7-4668-BE54-9A1E7A4F7556}") = "Brows.SSH", "export\Brows.SSH\Brows.SSH.csproj", "{4B014694-6BFB-48DF-8B1B-93D1BC0595F2}"
EndProject
Project("{9A19103F-16F7-4668-BE54-9A1E7A4F7556}") = "Brows.SSH.Commands.SSH", "export\Brows.SSH.Commands.SSH\Brows.SSH.Commands.SSH.csproj", "{0BD0B242-8ED5-44DC-8C78-8F34D7A93441}"
EndProject
Project("{9A19103F-16F7-4668-BE54-9A1E7A4F7556}") = "Brows.SSH.Gui", "export\Brows.SSH.Gui\Brows.SSH.Gui.csproj", "{17A62EDA-D580-4705-946E-3290511B9DD7}"
EndProject
Project("{9A19103F-16F7-4668-BE54-9A1E7A4F7556}") = "Brows.SSH.Win32", "export\Brows.SSH.Win32\Brows.SSH.Win32.csproj", "{44386237-19CB-45A2-AFBD-0FBF89AACF48}"
EndProject
Project("{8BC9CEB8-8B4A-11D0-8D11-00A0C91BC942}") = "brows_ssh", "export\brows_ssh\brows_ssh.vcxproj", "{12A5BD53-DAFB-44D6-BAD7-CCE36ED0962F}"
	ProjectSection(ProjectDependencies) = postProject
		{498B8ECC-336E-4040-8CE6-E92B3F4B849B} = {498B8ECC-336E-4040-8CE6-E92B3F4B849B}
	EndProjectSection
EndProject
Project("{8BC9CEB8-8B4A-11D0-8D11-00A0C91BC942}") = "brows_native", "brows_native\brows_native.vcxproj", "{498B8ECC-336E-4040-8CE6-E92B3F4B849B}"
EndProject
Project("{9A19103F-16F7-4668-BE54-9A1E7A4F7556}") = "Brows.Native.Framework", "Brows.Native.Framework\Brows.Native.Framework.csproj", "{437BB7E4-737C-410D-8D58-AF6E7AB95CF1}"
EndProject
Project("{9A19103F-16F7-4668-BE54-9A1E7A4F7556}") = "Brows.SSH.Native", "export\Brows.SSH.Native\Brows.SSH.Native.csproj", "{99592046-9A96-4DEF-854C-A5FF1AC07F69}"
	ProjectSection(ProjectDependencies) = postProject
		{12A5BD53-DAFB-44D6-BAD7-CCE36ED0962F} = {12A5BD53-DAFB-44D6-BAD7-CCE36ED0962F}
	EndProjectSection
EndProject
Project("{9A19103F-16F7-4668-BE54-9A1E7A4F7556}") = "Brows.FileSystem.Commands.DirectoryX", "export\Brows.FileSystem.Commands.DirectoryX\Brows.FileSystem.Commands.DirectoryX.csproj", "{1F58679F-CECE-495D-8F42-18270580BA8F}"
EndProject
Project("{9A19103F-16F7-4668-BE54-9A1E7A4F7556}") = "Brows.FileSystem.Commands.DirectoryOpen", "export\Brows.FileSystem.Commands.DirectoryOpen\Brows.FileSystem.Commands.DirectoryOpen.csproj", "{45788DAE-01A7-4E87-91EA-545DC9F593ED}"
EndProject
Project("{9A19103F-16F7-4668-BE54-9A1E7A4F7556}") = "Brows.FileSystem.Commands.DirectoryFound", "export\Brows.FileSystem.Commands.DirectoryFound\Brows.FileSystem.Commands.DirectoryFound.csproj", "{028CACCA-9157-48A3-8C45-6A16170054B4}"
EndProject
Project("{8BC9CEB8-8B4A-11D0-8D11-00A0C91BC942}") = "brows_runtime_win32", "export\brows_runtime_win32\brows_runtime_win32.vcxproj", "{7425A2C8-A4E2-4390-B936-FFE17D4E345F}"
	ProjectSection(ProjectDependencies) = postProject
		{498B8ECC-336E-4040-8CE6-E92B3F4B849B} = {498B8ECC-336E-4040-8CE6-E92B3F4B849B}
	EndProjectSection
EndProject
Project("{9A19103F-16F7-4668-BE54-9A1E7A4F7556}") = "Brows.Message.Contract", "Brows.Message.Contract\Brows.Message.Contract.csproj", "{1AC675D7-E41A-4BDD-9407-D3D7D68A69F6}"
EndProject
Project("{9A19103F-16F7-4668-BE54-9A1E7A4F7556}") = "Brows.Message.Framework", "Brows.Message.Framework\Brows.Message.Framework.csproj", "{D99D74C8-D2B9-4010-913C-ECDA9440736E}"
EndProject
Global
	GlobalSection(SolutionConfigurationPlatforms) = preSolution
		Debug|x64 = Debug|x64
		Release|x64 = Release|x64
	EndGlobalSection
	GlobalSection(ProjectConfigurationPlatforms) = postSolution
		{81309B66-4FF9-498C-83C5-097464C83892}.Debug|x64.ActiveCfg = Debug|Any CPU
		{81309B66-4FF9-498C-83C5-097464C83892}.Debug|x64.Build.0 = Debug|Any CPU
		{81309B66-4FF9-498C-83C5-097464C83892}.Release|x64.ActiveCfg = Release|Any CPU
		{81309B66-4FF9-498C-83C5-097464C83892}.Release|x64.Build.0 = Release|Any CPU
		{FF2904C6-FC59-44D7-8049-45AAFE421ACA}.Debug|x64.ActiveCfg = Debug|Any CPU
		{FF2904C6-FC59-44D7-8049-45AAFE421ACA}.Debug|x64.Build.0 = Debug|Any CPU
		{FF2904C6-FC59-44D7-8049-45AAFE421ACA}.Release|x64.ActiveCfg = Release|Any CPU
		{FF2904C6-FC59-44D7-8049-45AAFE421ACA}.Release|x64.Build.0 = Release|Any CPU
		{B4FAF7B4-4827-4BC5-A4CE-C2110C987E0F}.Debug|x64.ActiveCfg = Debug|Any CPU
		{B4FAF7B4-4827-4BC5-A4CE-C2110C987E0F}.Debug|x64.Build.0 = Debug|Any CPU
		{B4FAF7B4-4827-4BC5-A4CE-C2110C987E0F}.Release|x64.ActiveCfg = Release|Any CPU
		{B4FAF7B4-4827-4BC5-A4CE-C2110C987E0F}.Release|x64.Build.0 = Release|Any CPU
		{7AA6EACD-98D0-430B-9B8F-051A3B2D4ADB}.Debug|x64.ActiveCfg = Debug|Any CPU
		{7AA6EACD-98D0-430B-9B8F-051A3B2D4ADB}.Debug|x64.Build.0 = Debug|Any CPU
		{7AA6EACD-98D0-430B-9B8F-051A3B2D4ADB}.Release|x64.ActiveCfg = Release|Any CPU
		{7AA6EACD-98D0-430B-9B8F-051A3B2D4ADB}.Release|x64.Build.0 = Release|Any CPU
		{7BCE22D8-0E77-48BB-BA54-DB8A3F116CF4}.Debug|x64.ActiveCfg = Debug|Any CPU
		{7BCE22D8-0E77-48BB-BA54-DB8A3F116CF4}.Debug|x64.Build.0 = Debug|Any CPU
		{7BCE22D8-0E77-48BB-BA54-DB8A3F116CF4}.Release|x64.ActiveCfg = Release|Any CPU
		{7BCE22D8-0E77-48BB-BA54-DB8A3F116CF4}.Release|x64.Build.0 = Release|Any CPU
		{44122EF7-BA2B-41F0-9488-5289188FD273}.Debug|x64.ActiveCfg = Debug|Any CPU
		{44122EF7-BA2B-41F0-9488-5289188FD273}.Debug|x64.Build.0 = Debug|Any CPU
		{44122EF7-BA2B-41F0-9488-5289188FD273}.Release|x64.ActiveCfg = Release|Any CPU
		{44122EF7-BA2B-41F0-9488-5289188FD273}.Release|x64.Build.0 = Release|Any CPU
		{0B73F1ED-D267-4DE6-8A7F-4705AD7B8254}.Debug|x64.ActiveCfg = Debug|Any CPU
		{0B73F1ED-D267-4DE6-8A7F-4705AD7B8254}.Debug|x64.Build.0 = Debug|Any CPU
		{0B73F1ED-D267-4DE6-8A7F-4705AD7B8254}.Release|x64.ActiveCfg = Release|Any CPU
		{0B73F1ED-D267-4DE6-8A7F-4705AD7B8254}.Release|x64.Build.0 = Release|Any CPU
		{B2F3E7C7-2BE9-42C0-BDF8-E63AF4A3B3A7}.Debug|x64.ActiveCfg = Debug|Any CPU
		{B2F3E7C7-2BE9-42C0-BDF8-E63AF4A3B3A7}.Debug|x64.Build.0 = Debug|Any CPU
		{B2F3E7C7-2BE9-42C0-BDF8-E63AF4A3B3A7}.Release|x64.ActiveCfg = Release|Any CPU
		{B2F3E7C7-2BE9-42C0-BDF8-E63AF4A3B3A7}.Release|x64.Build.0 = Release|Any CPU
		{9292E67C-C0D9-4202-960A-9AE7485029D9}.Debug|x64.ActiveCfg = Debug|Any CPU
		{9292E67C-C0D9-4202-960A-9AE7485029D9}.Debug|x64.Build.0 = Debug|Any CPU
		{9292E67C-C0D9-4202-960A-9AE7485029D9}.Release|x64.ActiveCfg = Release|Any CPU
		{9292E67C-C0D9-4202-960A-9AE7485029D9}.Release|x64.Build.0 = Release|Any CPU
		{4B4D2F23-7E22-4E09-97FE-717ECA159F66}.Debug|x64.ActiveCfg = Debug|Any CPU
		{4B4D2F23-7E22-4E09-97FE-717ECA159F66}.Debug|x64.Build.0 = Debug|Any CPU
		{4B4D2F23-7E22-4E09-97FE-717ECA159F66}.Release|x64.ActiveCfg = Release|Any CPU
		{4B4D2F23-7E22-4E09-97FE-717ECA159F66}.Release|x64.Build.0 = Release|Any CPU
		{BCAE36F1-7612-4938-9816-0BCA282E5E35}.Debug|x64.ActiveCfg = Debug|Any CPU
		{BCAE36F1-7612-4938-9816-0BCA282E5E35}.Debug|x64.Build.0 = Debug|Any CPU
		{BCAE36F1-7612-4938-9816-0BCA282E5E35}.Release|x64.ActiveCfg = Release|Any CPU
		{BCAE36F1-7612-4938-9816-0BCA282E5E35}.Release|x64.Build.0 = Release|Any CPU
		{50BFB719-03EC-475D-8458-A60F631F92D7}.Debug|x64.ActiveCfg = Debug|Any CPU
		{50BFB719-03EC-475D-8458-A60F631F92D7}.Debug|x64.Build.0 = Debug|Any CPU
		{50BFB719-03EC-475D-8458-A60F631F92D7}.Release|x64.ActiveCfg = Release|Any CPU
		{50BFB719-03EC-475D-8458-A60F631F92D7}.Release|x64.Build.0 = Release|Any CPU
		{DF689F86-F0E0-4686-8E17-F0FAA2DE69C6}.Debug|x64.ActiveCfg = Debug|Any CPU
		{DF689F86-F0E0-4686-8E17-F0FAA2DE69C6}.Debug|x64.Build.0 = Debug|Any CPU
		{DF689F86-F0E0-4686-8E17-F0FAA2DE69C6}.Release|x64.ActiveCfg = Release|Any CPU
		{DF689F86-F0E0-4686-8E17-F0FAA2DE69C6}.Release|x64.Build.0 = Release|Any CPU
		{EEB8C8DC-1AF1-4726-9DCA-D33D704815E6}.Debug|x64.ActiveCfg = Debug|Any CPU
		{EEB8C8DC-1AF1-4726-9DCA-D33D704815E6}.Debug|x64.Build.0 = Debug|Any CPU
		{EEB8C8DC-1AF1-4726-9DCA-D33D704815E6}.Release|x64.ActiveCfg = Release|Any CPU
		{EEB8C8DC-1AF1-4726-9DCA-D33D704815E6}.Release|x64.Build.0 = Release|Any CPU
		{4336A835-7509-440C-A4D6-DA3381C56F83}.Debug|x64.ActiveCfg = Debug|Any CPU
		{4336A835-7509-440C-A4D6-DA3381C56F83}.Debug|x64.Build.0 = Debug|Any CPU
		{4336A835-7509-440C-A4D6-DA3381C56F83}.Release|x64.ActiveCfg = Release|Any CPU
		{4336A835-7509-440C-A4D6-DA3381C56F83}.Release|x64.Build.0 = Release|Any CPU
		{BDA4BFE5-CE11-4403-8A19-94E8A1083846}.Debug|x64.ActiveCfg = Debug|Any CPU
		{BDA4BFE5-CE11-4403-8A19-94E8A1083846}.Debug|x64.Build.0 = Debug|Any CPU
		{BDA4BFE5-CE11-4403-8A19-94E8A1083846}.Release|x64.ActiveCfg = Release|Any CPU
		{BDA4BFE5-CE11-4403-8A19-94E8A1083846}.Release|x64.Build.0 = Release|Any CPU
		{816D7B88-FF33-4946-9611-9C372DE1C190}.Debug|x64.ActiveCfg = Debug|Any CPU
		{816D7B88-FF33-4946-9611-9C372DE1C190}.Debug|x64.Build.0 = Debug|Any CPU
		{816D7B88-FF33-4946-9611-9C372DE1C190}.Release|x64.ActiveCfg = Release|Any CPU
		{816D7B88-FF33-4946-9611-9C372DE1C190}.Release|x64.Build.0 = Release|Any CPU
		{1171AF82-37CC-4EF0-89B3-0CEE968D629D}.Debug|x64.ActiveCfg = Debug|Any CPU
		{1171AF82-37CC-4EF0-89B3-0CEE968D629D}.Debug|x64.Build.0 = Debug|Any CPU
		{1171AF82-37CC-4EF0-89B3-0CEE968D629D}.Release|x64.ActiveCfg = Release|Any CPU
		{1171AF82-37CC-4EF0-89B3-0CEE968D629D}.Release|x64.Build.0 = Release|Any CPU
		{04DBA3AB-F78E-4634-A94F-E70E89500D8E}.Debug|x64.ActiveCfg = Debug|Any CPU
		{04DBA3AB-F78E-4634-A94F-E70E89500D8E}.Debug|x64.Build.0 = Debug|Any CPU
		{04DBA3AB-F78E-4634-A94F-E70E89500D8E}.Release|x64.ActiveCfg = Release|Any CPU
		{04DBA3AB-F78E-4634-A94F-E70E89500D8E}.Release|x64.Build.0 = Release|Any CPU
		{F11A3977-C534-419C-9431-D597469E1C91}.Debug|x64.ActiveCfg = Debug|Any CPU
		{F11A3977-C534-419C-9431-D597469E1C91}.Debug|x64.Build.0 = Debug|Any CPU
		{F11A3977-C534-419C-9431-D597469E1C91}.Release|x64.ActiveCfg = Release|Any CPU
		{F11A3977-C534-419C-9431-D597469E1C91}.Release|x64.Build.0 = Release|Any CPU
		{70E85BDA-9F10-4C98-823C-280B10CA9FEC}.Debug|x64.ActiveCfg = Debug|Any CPU
		{70E85BDA-9F10-4C98-823C-280B10CA9FEC}.Debug|x64.Build.0 = Debug|Any CPU
		{70E85BDA-9F10-4C98-823C-280B10CA9FEC}.Release|x64.ActiveCfg = Release|Any CPU
		{70E85BDA-9F10-4C98-823C-280B10CA9FEC}.Release|x64.Build.0 = Release|Any CPU
		{1C15093D-8CB5-4EC6-B5CF-4697E8BFDF87}.Debug|x64.ActiveCfg = Debug|Any CPU
		{1C15093D-8CB5-4EC6-B5CF-4697E8BFDF87}.Debug|x64.Build.0 = Debug|Any CPU
		{1C15093D-8CB5-4EC6-B5CF-4697E8BFDF87}.Release|x64.ActiveCfg = Release|Any CPU
		{1C15093D-8CB5-4EC6-B5CF-4697E8BFDF87}.Release|x64.Build.0 = Release|Any CPU
		{12415DD5-B388-4184-BA9B-A99AC205DF40}.Debug|x64.ActiveCfg = Debug|Any CPU
		{12415DD5-B388-4184-BA9B-A99AC205DF40}.Debug|x64.Build.0 = Debug|Any CPU
		{12415DD5-B388-4184-BA9B-A99AC205DF40}.Release|x64.ActiveCfg = Release|Any CPU
		{12415DD5-B388-4184-BA9B-A99AC205DF40}.Release|x64.Build.0 = Release|Any CPU
		{85367596-DCBD-4E4A-AFDE-631D861BF4CE}.Debug|x64.ActiveCfg = Debug|Any CPU
		{85367596-DCBD-4E4A-AFDE-631D861BF4CE}.Debug|x64.Build.0 = Debug|Any CPU
		{85367596-DCBD-4E4A-AFDE-631D861BF4CE}.Release|x64.ActiveCfg = Release|Any CPU
		{85367596-DCBD-4E4A-AFDE-631D861BF4CE}.Release|x64.Build.0 = Release|Any CPU
		{68A66BFA-9D73-4362-AF8F-36167E53185C}.Debug|x64.ActiveCfg = Debug|Any CPU
		{68A66BFA-9D73-4362-AF8F-36167E53185C}.Debug|x64.Build.0 = Debug|Any CPU
		{68A66BFA-9D73-4362-AF8F-36167E53185C}.Release|x64.ActiveCfg = Release|Any CPU
		{68A66BFA-9D73-4362-AF8F-36167E53185C}.Release|x64.Build.0 = Release|Any CPU
		{D73CACE5-8289-4489-B2DE-B69CB1FD3554}.Debug|x64.ActiveCfg = Debug|Any CPU
		{D73CACE5-8289-4489-B2DE-B69CB1FD3554}.Debug|x64.Build.0 = Debug|Any CPU
		{D73CACE5-8289-4489-B2DE-B69CB1FD3554}.Release|x64.ActiveCfg = Release|Any CPU
		{D73CACE5-8289-4489-B2DE-B69CB1FD3554}.Release|x64.Build.0 = Release|Any CPU
		{C14376B5-CEA0-49E9-A5F9-868F94B8CD6B}.Debug|x64.ActiveCfg = Debug|Any CPU
		{C14376B5-CEA0-49E9-A5F9-868F94B8CD6B}.Debug|x64.Build.0 = Debug|Any CPU
		{C14376B5-CEA0-49E9-A5F9-868F94B8CD6B}.Release|x64.ActiveCfg = Release|Any CPU
		{C14376B5-CEA0-49E9-A5F9-868F94B8CD6B}.Release|x64.Build.0 = Release|Any CPU
		{9CF18D49-9EF8-4286-B982-E0DB1B7306E1}.Debug|x64.ActiveCfg = Debug|Any CPU
		{9CF18D49-9EF8-4286-B982-E0DB1B7306E1}.Debug|x64.Build.0 = Debug|Any CPU
		{9CF18D49-9EF8-4286-B982-E0DB1B7306E1}.Release|x64.ActiveCfg = Release|Any CPU
		{9CF18D49-9EF8-4286-B982-E0DB1B7306E1}.Release|x64.Build.0 = Release|Any CPU
		{A7EE917D-A39D-43FB-A443-EDB05A90D3B3}.Debug|x64.ActiveCfg = Debug|Any CPU
		{A7EE917D-A39D-43FB-A443-EDB05A90D3B3}.Debug|x64.Build.0 = Debug|Any CPU
		{A7EE917D-A39D-43FB-A443-EDB05A90D3B3}.Release|x64.ActiveCfg = Release|Any CPU
		{A7EE917D-A39D-43FB-A443-EDB05A90D3B3}.Release|x64.Build.0 = Release|Any CPU
		{43AB4BCD-57AD-486C-B80A-ACC9828B6E4C}.Debug|x64.ActiveCfg = Debug|Any CPU
		{43AB4BCD-57AD-486C-B80A-ACC9828B6E4C}.Debug|x64.Build.0 = Debug|Any CPU
		{43AB4BCD-57AD-486C-B80A-ACC9828B6E4C}.Release|x64.ActiveCfg = Release|Any CPU
		{43AB4BCD-57AD-486C-B80A-ACC9828B6E4C}.Release|x64.Build.0 = Release|Any CPU
		{95292F35-5951-41FB-9720-222943C32C22}.Debug|x64.ActiveCfg = Debug|Any CPU
		{95292F35-5951-41FB-9720-222943C32C22}.Debug|x64.Build.0 = Debug|Any CPU
		{95292F35-5951-41FB-9720-222943C32C22}.Release|x64.ActiveCfg = Release|Any CPU
		{95292F35-5951-41FB-9720-222943C32C22}.Release|x64.Build.0 = Release|Any CPU
		{A51C9EE8-78A7-49B5-A188-8F2812CBC929}.Debug|x64.ActiveCfg = Debug|Any CPU
		{A51C9EE8-78A7-49B5-A188-8F2812CBC929}.Debug|x64.Build.0 = Debug|Any CPU
		{A51C9EE8-78A7-49B5-A188-8F2812CBC929}.Release|x64.ActiveCfg = Release|Any CPU
		{A51C9EE8-78A7-49B5-A188-8F2812CBC929}.Release|x64.Build.0 = Release|Any CPU
		{D16CC54E-4933-40CB-92AC-ACBA3BB2AD1C}.Debug|x64.ActiveCfg = Debug|Any CPU
		{D16CC54E-4933-40CB-92AC-ACBA3BB2AD1C}.Debug|x64.Build.0 = Debug|Any CPU
		{D16CC54E-4933-40CB-92AC-ACBA3BB2AD1C}.Release|x64.ActiveCfg = Release|Any CPU
		{D16CC54E-4933-40CB-92AC-ACBA3BB2AD1C}.Release|x64.Build.0 = Release|Any CPU
		{25F0D914-981A-49BE-9970-FC29F858FC67}.Debug|x64.ActiveCfg = Debug|Any CPU
		{25F0D914-981A-49BE-9970-FC29F858FC67}.Debug|x64.Build.0 = Debug|Any CPU
		{25F0D914-981A-49BE-9970-FC29F858FC67}.Release|x64.ActiveCfg = Release|Any CPU
		{25F0D914-981A-49BE-9970-FC29F858FC67}.Release|x64.Build.0 = Release|Any CPU
		{1443FF78-A3CB-4240-821A-577C44C8F79E}.Debug|x64.ActiveCfg = Debug|Any CPU
		{1443FF78-A3CB-4240-821A-577C44C8F79E}.Debug|x64.Build.0 = Debug|Any CPU
		{1443FF78-A3CB-4240-821A-577C44C8F79E}.Release|x64.ActiveCfg = Release|Any CPU
		{1443FF78-A3CB-4240-821A-577C44C8F79E}.Release|x64.Build.0 = Release|Any CPU
		{0BAAE738-7CEC-423A-8D58-FFF4718C04A3}.Debug|x64.ActiveCfg = Debug|Any CPU
		{0BAAE738-7CEC-423A-8D58-FFF4718C04A3}.Debug|x64.Build.0 = Debug|Any CPU
		{0BAAE738-7CEC-423A-8D58-FFF4718C04A3}.Release|x64.ActiveCfg = Release|Any CPU
		{0BAAE738-7CEC-423A-8D58-FFF4718C04A3}.Release|x64.Build.0 = Release|Any CPU
		{965ABD04-4CD1-4A83-9F56-8238C2E1482F}.Debug|x64.ActiveCfg = Debug|Any CPU
		{965ABD04-4CD1-4A83-9F56-8238C2E1482F}.Debug|x64.Build.0 = Debug|Any CPU
		{965ABD04-4CD1-4A83-9F56-8238C2E1482F}.Release|x64.ActiveCfg = Release|Any CPU
		{965ABD04-4CD1-4A83-9F56-8238C2E1482F}.Release|x64.Build.0 = Release|Any CPU
		{75FF86B5-FCFC-470E-876D-DC618C20392B}.Debug|x64.ActiveCfg = Debug|Any CPU
		{75FF86B5-FCFC-470E-876D-DC618C20392B}.Debug|x64.Build.0 = Debug|Any CPU
		{75FF86B5-FCFC-470E-876D-DC618C20392B}.Release|x64.ActiveCfg = Release|Any CPU
		{75FF86B5-FCFC-470E-876D-DC618C20392B}.Release|x64.Build.0 = Release|Any CPU
		{FBA1D614-6378-48C9-A975-ED084D461CCF}.Debug|x64.ActiveCfg = Debug|Any CPU
		{FBA1D614-6378-48C9-A975-ED084D461CCF}.Debug|x64.Build.0 = Debug|Any CPU
		{FBA1D614-6378-48C9-A975-ED084D461CCF}.Release|x64.ActiveCfg = Release|Any CPU
		{FBA1D614-6378-48C9-A975-ED084D461CCF}.Release|x64.Build.0 = Release|Any CPU
		{D52624D1-9BF1-4B00-A59F-48C803EF4091}.Debug|x64.ActiveCfg = Debug|Any CPU
		{D52624D1-9BF1-4B00-A59F-48C803EF4091}.Debug|x64.Build.0 = Debug|Any CPU
		{D52624D1-9BF1-4B00-A59F-48C803EF4091}.Release|x64.ActiveCfg = Release|Any CPU
		{D52624D1-9BF1-4B00-A59F-48C803EF4091}.Release|x64.Build.0 = Release|Any CPU
		{821C87C4-BA8F-4F09-8DA5-2F1FC9FCEF97}.Debug|x64.ActiveCfg = Debug|Any CPU
		{821C87C4-BA8F-4F09-8DA5-2F1FC9FCEF97}.Debug|x64.Build.0 = Debug|Any CPU
		{821C87C4-BA8F-4F09-8DA5-2F1FC9FCEF97}.Release|x64.ActiveCfg = Release|Any CPU
		{821C87C4-BA8F-4F09-8DA5-2F1FC9FCEF97}.Release|x64.Build.0 = Release|Any CPU
		{60652593-B7F4-4835-88F3-EE5FCA7D40CA}.Debug|x64.ActiveCfg = Debug|Any CPU
		{60652593-B7F4-4835-88F3-EE5FCA7D40CA}.Debug|x64.Build.0 = Debug|Any CPU
		{60652593-B7F4-4835-88F3-EE5FCA7D40CA}.Release|x64.ActiveCfg = Release|Any CPU
		{60652593-B7F4-4835-88F3-EE5FCA7D40CA}.Release|x64.Build.0 = Release|Any CPU
		{405706A7-187C-4B94-8FC1-25BBA5A5788E}.Debug|x64.ActiveCfg = Debug|Any CPU
		{405706A7-187C-4B94-8FC1-25BBA5A5788E}.Debug|x64.Build.0 = Debug|Any CPU
		{405706A7-187C-4B94-8FC1-25BBA5A5788E}.Release|x64.ActiveCfg = Release|Any CPU
		{405706A7-187C-4B94-8FC1-25BBA5A5788E}.Release|x64.Build.0 = Release|Any CPU
		{3F673C5B-25A6-4614-91C9-66179A139516}.Debug|x64.ActiveCfg = Debug|Any CPU
		{3F673C5B-25A6-4614-91C9-66179A139516}.Debug|x64.Build.0 = Debug|Any CPU
		{3F673C5B-25A6-4614-91C9-66179A139516}.Release|x64.ActiveCfg = Release|Any CPU
		{3F673C5B-25A6-4614-91C9-66179A139516}.Release|x64.Build.0 = Release|Any CPU
		{666B05C3-46CE-44A7-A593-430B904D2718}.Debug|x64.ActiveCfg = Debug|Any CPU
		{666B05C3-46CE-44A7-A593-430B904D2718}.Debug|x64.Build.0 = Debug|Any CPU
		{666B05C3-46CE-44A7-A593-430B904D2718}.Release|x64.ActiveCfg = Release|Any CPU
		{666B05C3-46CE-44A7-A593-430B904D2718}.Release|x64.Build.0 = Release|Any CPU
		{64FA0F3B-009C-4465-88D7-158A69A17B74}.Debug|x64.ActiveCfg = Debug|Any CPU
		{64FA0F3B-009C-4465-88D7-158A69A17B74}.Debug|x64.Build.0 = Debug|Any CPU
		{64FA0F3B-009C-4465-88D7-158A69A17B74}.Release|x64.ActiveCfg = Release|Any CPU
		{64FA0F3B-009C-4465-88D7-158A69A17B74}.Release|x64.Build.0 = Release|Any CPU
		{822C4989-EE51-4192-B713-5896DD68D29A}.Debug|x64.ActiveCfg = Debug|Any CPU
		{822C4989-EE51-4192-B713-5896DD68D29A}.Debug|x64.Build.0 = Debug|Any CPU
		{822C4989-EE51-4192-B713-5896DD68D29A}.Release|x64.ActiveCfg = Release|Any CPU
		{822C4989-EE51-4192-B713-5896DD68D29A}.Release|x64.Build.0 = Release|Any CPU
		{038A9BA1-0BE6-4FD0-8063-50A0F17E9402}.Debug|x64.ActiveCfg = Debug|Any CPU
		{038A9BA1-0BE6-4FD0-8063-50A0F17E9402}.Debug|x64.Build.0 = Debug|Any CPU
		{038A9BA1-0BE6-4FD0-8063-50A0F17E9402}.Release|x64.ActiveCfg = Release|Any CPU
		{038A9BA1-0BE6-4FD0-8063-50A0F17E9402}.Release|x64.Build.0 = Release|Any CPU
		{A7A03114-8961-4A06-A171-76716DA79BA0}.Debug|x64.ActiveCfg = Debug|Any CPU
		{A7A03114-8961-4A06-A171-76716DA79BA0}.Debug|x64.Build.0 = Debug|Any CPU
		{A7A03114-8961-4A06-A171-76716DA79BA0}.Release|x64.ActiveCfg = Release|Any CPU
		{A7A03114-8961-4A06-A171-76716DA79BA0}.Release|x64.Build.0 = Release|Any CPU
		{FACC6EBA-DBC8-431A-A91F-3641FF352DF8}.Debug|x64.ActiveCfg = Debug|Any CPU
		{FACC6EBA-DBC8-431A-A91F-3641FF352DF8}.Debug|x64.Build.0 = Debug|Any CPU
		{FACC6EBA-DBC8-431A-A91F-3641FF352DF8}.Release|x64.ActiveCfg = Release|Any CPU
		{FACC6EBA-DBC8-431A-A91F-3641FF352DF8}.Release|x64.Build.0 = Release|Any CPU
		{23016BDC-BE82-41B8-97F6-BA8D480409AB}.Debug|x64.ActiveCfg = Debug|Any CPU
		{23016BDC-BE82-41B8-97F6-BA8D480409AB}.Debug|x64.Build.0 = Debug|Any CPU
		{23016BDC-BE82-41B8-97F6-BA8D480409AB}.Release|x64.ActiveCfg = Release|Any CPU
		{23016BDC-BE82-41B8-97F6-BA8D480409AB}.Release|x64.Build.0 = Release|Any CPU
		{D7B6B142-B292-4675-A972-0228C768BFBA}.Debug|x64.ActiveCfg = Debug|Any CPU
		{D7B6B142-B292-4675-A972-0228C768BFBA}.Debug|x64.Build.0 = Debug|Any CPU
		{D7B6B142-B292-4675-A972-0228C768BFBA}.Release|x64.ActiveCfg = Release|Any CPU
		{D7B6B142-B292-4675-A972-0228C768BFBA}.Release|x64.Build.0 = Release|Any CPU
		{3BFDEE21-3CDE-469D-B215-DFFA87EB6FD9}.Debug|x64.ActiveCfg = Debug|Any CPU
		{3BFDEE21-3CDE-469D-B215-DFFA87EB6FD9}.Debug|x64.Build.0 = Debug|Any CPU
		{3BFDEE21-3CDE-469D-B215-DFFA87EB6FD9}.Release|x64.ActiveCfg = Release|Any CPU
		{3BFDEE21-3CDE-469D-B215-DFFA87EB6FD9}.Release|x64.Build.0 = Release|Any CPU
		{399452F0-1C00-44B9-A376-A090D335BE31}.Debug|x64.ActiveCfg = Debug|Any CPU
		{399452F0-1C00-44B9-A376-A090D335BE31}.Debug|x64.Build.0 = Debug|Any CPU
		{399452F0-1C00-44B9-A376-A090D335BE31}.Release|x64.ActiveCfg = Release|Any CPU
		{399452F0-1C00-44B9-A376-A090D335BE31}.Release|x64.Build.0 = Release|Any CPU
		{856A41B2-CD45-4C0E-9931-DE501CB27677}.Debug|x64.ActiveCfg = Debug|Any CPU
		{856A41B2-CD45-4C0E-9931-DE501CB27677}.Debug|x64.Build.0 = Debug|Any CPU
		{856A41B2-CD45-4C0E-9931-DE501CB27677}.Release|x64.ActiveCfg = Release|Any CPU
		{856A41B2-CD45-4C0E-9931-DE501CB27677}.Release|x64.Build.0 = Release|Any CPU
		{68F1EF21-4F0E-49A1-B211-ABE567405ED2}.Debug|x64.ActiveCfg = Debug|Any CPU
		{68F1EF21-4F0E-49A1-B211-ABE567405ED2}.Debug|x64.Build.0 = Debug|Any CPU
		{68F1EF21-4F0E-49A1-B211-ABE567405ED2}.Release|x64.ActiveCfg = Release|Any CPU
		{68F1EF21-4F0E-49A1-B211-ABE567405ED2}.Release|x64.Build.0 = Release|Any CPU
		{DCA89BF4-7589-42BE-A698-502714969A50}.Debug|x64.ActiveCfg = Debug|Any CPU
		{DCA89BF4-7589-42BE-A698-502714969A50}.Debug|x64.Build.0 = Debug|Any CPU
		{DCA89BF4-7589-42BE-A698-502714969A50}.Release|x64.ActiveCfg = Release|Any CPU
		{DCA89BF4-7589-42BE-A698-502714969A50}.Release|x64.Build.0 = Release|Any CPU
		{269D3E7D-326A-4053-AD23-6E516032C628}.Debug|x64.ActiveCfg = Debug|Any CPU
		{269D3E7D-326A-4053-AD23-6E516032C628}.Debug|x64.Build.0 = Debug|Any CPU
		{269D3E7D-326A-4053-AD23-6E516032C628}.Release|x64.ActiveCfg = Release|Any CPU
		{269D3E7D-326A-4053-AD23-6E516032C628}.Release|x64.Build.0 = Release|Any CPU
		{E96C62B0-A2F2-47CC-874A-5EDBA516BD72}.Debug|x64.ActiveCfg = Debug|Any CPU
		{E96C62B0-A2F2-47CC-874A-5EDBA516BD72}.Debug|x64.Build.0 = Debug|Any CPU
		{E96C62B0-A2F2-47CC-874A-5EDBA516BD72}.Release|x64.ActiveCfg = Release|Any CPU
		{E96C62B0-A2F2-47CC-874A-5EDBA516BD72}.Release|x64.Build.0 = Release|Any CPU
		{8702A542-B88E-468B-A0D8-4095C2A76C90}.Debug|x64.ActiveCfg = Debug|Any CPU
		{8702A542-B88E-468B-A0D8-4095C2A76C90}.Debug|x64.Build.0 = Debug|Any CPU
		{8702A542-B88E-468B-A0D8-4095C2A76C90}.Release|x64.ActiveCfg = Release|Any CPU
		{8702A542-B88E-468B-A0D8-4095C2A76C90}.Release|x64.Build.0 = Release|Any CPU
		{4F4DB219-C34F-4274-95EB-84177608D057}.Debug|x64.ActiveCfg = Debug|Any CPU
		{4F4DB219-C34F-4274-95EB-84177608D057}.Debug|x64.Build.0 = Debug|Any CPU
		{4F4DB219-C34F-4274-95EB-84177608D057}.Release|x64.ActiveCfg = Release|Any CPU
		{4F4DB219-C34F-4274-95EB-84177608D057}.Release|x64.Build.0 = Release|Any CPU
		{6DD99A26-A5AD-4ACB-90CF-B6416697FDBC}.Debug|x64.ActiveCfg = Debug|Any CPU
		{6DD99A26-A5AD-4ACB-90CF-B6416697FDBC}.Debug|x64.Build.0 = Debug|Any CPU
		{6DD99A26-A5AD-4ACB-90CF-B6416697FDBC}.Release|x64.ActiveCfg = Release|Any CPU
		{6DD99A26-A5AD-4ACB-90CF-B6416697FDBC}.Release|x64.Build.0 = Release|Any CPU
		{ED17D3FF-D200-4603-AC54-DD07B939E5FA}.Debug|x64.ActiveCfg = Debug|Any CPU
		{ED17D3FF-D200-4603-AC54-DD07B939E5FA}.Debug|x64.Build.0 = Debug|Any CPU
		{ED17D3FF-D200-4603-AC54-DD07B939E5FA}.Release|x64.ActiveCfg = Release|Any CPU
		{ED17D3FF-D200-4603-AC54-DD07B939E5FA}.Release|x64.Build.0 = Release|Any CPU
		{9A84837F-235D-4BC8-9E9F-975AF543D084}.Debug|x64.ActiveCfg = Debug|Any CPU
		{9A84837F-235D-4BC8-9E9F-975AF543D084}.Debug|x64.Build.0 = Debug|Any CPU
		{9A84837F-235D-4BC8-9E9F-975AF543D084}.Release|x64.ActiveCfg = Release|Any CPU
		{9A84837F-235D-4BC8-9E9F-975AF543D084}.Release|x64.Build.0 = Release|Any CPU
		{43C14F21-EC9E-4BA2-AEBD-29316F792323}.Debug|x64.ActiveCfg = Debug|Any CPU
		{43C14F21-EC9E-4BA2-AEBD-29316F792323}.Debug|x64.Build.0 = Debug|Any CPU
		{43C14F21-EC9E-4BA2-AEBD-29316F792323}.Release|x64.ActiveCfg = Release|Any CPU
		{43C14F21-EC9E-4BA2-AEBD-29316F792323}.Release|x64.Build.0 = Release|Any CPU
		{BE7911B6-5C09-4B37-A12E-C144D8DF212A}.Debug|x64.ActiveCfg = Debug|Any CPU
		{BE7911B6-5C09-4B37-A12E-C144D8DF212A}.Debug|x64.Build.0 = Debug|Any CPU
		{BE7911B6-5C09-4B37-A12E-C144D8DF212A}.Release|x64.ActiveCfg = Release|Any CPU
		{BE7911B6-5C09-4B37-A12E-C144D8DF212A}.Release|x64.Build.0 = Release|Any CPU
		{1F3E4D71-439D-460F-BF39-4DC2D00921B5}.Debug|x64.ActiveCfg = Debug|Any CPU
		{1F3E4D71-439D-460F-BF39-4DC2D00921B5}.Debug|x64.Build.0 = Debug|Any CPU
		{1F3E4D71-439D-460F-BF39-4DC2D00921B5}.Release|x64.ActiveCfg = Release|Any CPU
		{1F3E4D71-439D-460F-BF39-4DC2D00921B5}.Release|x64.Build.0 = Release|Any CPU
		{A5C75822-6BD5-4777-98F7-01FFE6A4002F}.Debug|x64.ActiveCfg = Debug|Any CPU
		{A5C75822-6BD5-4777-98F7-01FFE6A4002F}.Debug|x64.Build.0 = Debug|Any CPU
		{A5C75822-6BD5-4777-98F7-01FFE6A4002F}.Release|x64.ActiveCfg = Release|Any CPU
		{A5C75822-6BD5-4777-98F7-01FFE6A4002F}.Release|x64.Build.0 = Release|Any CPU
		{A0C7B4D7-13B6-4E4A-AF67-F1A701BAD4D8}.Debug|x64.ActiveCfg = Debug|Any CPU
		{A0C7B4D7-13B6-4E4A-AF67-F1A701BAD4D8}.Debug|x64.Build.0 = Debug|Any CPU
		{A0C7B4D7-13B6-4E4A-AF67-F1A701BAD4D8}.Release|x64.ActiveCfg = Release|Any CPU
		{A0C7B4D7-13B6-4E4A-AF67-F1A701BAD4D8}.Release|x64.Build.0 = Release|Any CPU
		{74775CEF-5BDA-4E61-AF3B-51D132B72A55}.Debug|x64.ActiveCfg = Debug|Any CPU
		{74775CEF-5BDA-4E61-AF3B-51D132B72A55}.Debug|x64.Build.0 = Debug|Any CPU
		{74775CEF-5BDA-4E61-AF3B-51D132B72A55}.Release|x64.ActiveCfg = Release|Any CPU
		{74775CEF-5BDA-4E61-AF3B-51D132B72A55}.Release|x64.Build.0 = Release|Any CPU
		{28D3E2A0-2DAE-4E00-A1C2-B9AB76E81A3C}.Debug|x64.ActiveCfg = Debug|Any CPU
		{28D3E2A0-2DAE-4E00-A1C2-B9AB76E81A3C}.Debug|x64.Build.0 = Debug|Any CPU
		{28D3E2A0-2DAE-4E00-A1C2-B9AB76E81A3C}.Release|x64.ActiveCfg = Release|Any CPU
		{28D3E2A0-2DAE-4E00-A1C2-B9AB76E81A3C}.Release|x64.Build.0 = Release|Any CPU
		{845483F3-FDC8-466E-85F1-821CB249B494}.Debug|x64.ActiveCfg = Debug|Any CPU
		{845483F3-FDC8-466E-85F1-821CB249B494}.Debug|x64.Build.0 = Debug|Any CPU
		{845483F3-FDC8-466E-85F1-821CB249B494}.Release|x64.ActiveCfg = Release|Any CPU
		{845483F3-FDC8-466E-85F1-821CB249B494}.Release|x64.Build.0 = Release|Any CPU
		{DE066D74-A522-4DC0-AB7C-5BF3CD23B4D7}.Debug|x64.ActiveCfg = Debug|Any CPU
		{DE066D74-A522-4DC0-AB7C-5BF3CD23B4D7}.Debug|x64.Build.0 = Debug|Any CPU
		{DE066D74-A522-4DC0-AB7C-5BF3CD23B4D7}.Release|x64.ActiveCfg = Release|Any CPU
		{DE066D74-A522-4DC0-AB7C-5BF3CD23B4D7}.Release|x64.Build.0 = Release|Any CPU
		{0F333279-FBBF-486D-AB69-368F5FBF26FE}.Debug|x64.ActiveCfg = Debug|Any CPU
		{0F333279-FBBF-486D-AB69-368F5FBF26FE}.Debug|x64.Build.0 = Debug|Any CPU
		{0F333279-FBBF-486D-AB69-368F5FBF26FE}.Release|x64.ActiveCfg = Release|Any CPU
		{0F333279-FBBF-486D-AB69-368F5FBF26FE}.Release|x64.Build.0 = Release|Any CPU
		{9C1E7792-7864-4D39-AAAE-651958C67027}.Debug|x64.ActiveCfg = Debug|Any CPU
		{9C1E7792-7864-4D39-AAAE-651958C67027}.Debug|x64.Build.0 = Debug|Any CPU
		{9C1E7792-7864-4D39-AAAE-651958C67027}.Release|x64.ActiveCfg = Release|Any CPU
		{9C1E7792-7864-4D39-AAAE-651958C67027}.Release|x64.Build.0 = Release|Any CPU
		{4B014694-6BFB-48DF-8B1B-93D1BC0595F2}.Debug|x64.ActiveCfg = Debug|Any CPU
		{4B014694-6BFB-48DF-8B1B-93D1BC0595F2}.Debug|x64.Build.0 = Debug|Any CPU
		{4B014694-6BFB-48DF-8B1B-93D1BC0595F2}.Release|x64.ActiveCfg = Release|Any CPU
		{4B014694-6BFB-48DF-8B1B-93D1BC0595F2}.Release|x64.Build.0 = Release|Any CPU
		{0BD0B242-8ED5-44DC-8C78-8F34D7A93441}.Debug|x64.ActiveCfg = Debug|Any CPU
		{0BD0B242-8ED5-44DC-8C78-8F34D7A93441}.Debug|x64.Build.0 = Debug|Any CPU
		{0BD0B242-8ED5-44DC-8C78-8F34D7A93441}.Release|x64.ActiveCfg = Release|Any CPU
		{0BD0B242-8ED5-44DC-8C78-8F34D7A93441}.Release|x64.Build.0 = Release|Any CPU
		{17A62EDA-D580-4705-946E-3290511B9DD7}.Debug|x64.ActiveCfg = Debug|Any CPU
		{17A62EDA-D580-4705-946E-3290511B9DD7}.Debug|x64.Build.0 = Debug|Any CPU
		{17A62EDA-D580-4705-946E-3290511B9DD7}.Release|x64.ActiveCfg = Release|Any CPU
		{17A62EDA-D580-4705-946E-3290511B9DD7}.Release|x64.Build.0 = Release|Any CPU
		{44386237-19CB-45A2-AFBD-0FBF89AACF48}.Debug|x64.ActiveCfg = Debug|Any CPU
		{44386237-19CB-45A2-AFBD-0FBF89AACF48}.Debug|x64.Build.0 = Debug|Any CPU
		{44386237-19CB-45A2-AFBD-0FBF89AACF48}.Release|x64.ActiveCfg = Release|Any CPU
		{44386237-19CB-45A2-AFBD-0FBF89AACF48}.Release|x64.Build.0 = Release|Any CPU
		{12A5BD53-DAFB-44D6-BAD7-CCE36ED0962F}.Debug|x64.ActiveCfg = Debug|x64
		{12A5BD53-DAFB-44D6-BAD7-CCE36ED0962F}.Debug|x64.Build.0 = Debug|x64
		{12A5BD53-DAFB-44D6-BAD7-CCE36ED0962F}.Release|x64.ActiveCfg = Release|x64
		{12A5BD53-DAFB-44D6-BAD7-CCE36ED0962F}.Release|x64.Build.0 = Release|x64
		{498B8ECC-336E-4040-8CE6-E92B3F4B849B}.Debug|x64.ActiveCfg = Debug|x64
		{498B8ECC-336E-4040-8CE6-E92B3F4B849B}.Debug|x64.Build.0 = Debug|x64
		{498B8ECC-336E-4040-8CE6-E92B3F4B849B}.Release|x64.ActiveCfg = Release|x64
		{498B8ECC-336E-4040-8CE6-E92B3F4B849B}.Release|x64.Build.0 = Release|x64
		{437BB7E4-737C-410D-8D58-AF6E7AB95CF1}.Debug|x64.ActiveCfg = Debug|Any CPU
		{437BB7E4-737C-410D-8D58-AF6E7AB95CF1}.Debug|x64.Build.0 = Debug|Any CPU
		{437BB7E4-737C-410D-8D58-AF6E7AB95CF1}.Release|x64.ActiveCfg = Release|Any CPU
		{437BB7E4-737C-410D-8D58-AF6E7AB95CF1}.Release|x64.Build.0 = Release|Any CPU
		{99592046-9A96-4DEF-854C-A5FF1AC07F69}.Debug|x64.ActiveCfg = Debug|Any CPU
		{99592046-9A96-4DEF-854C-A5FF1AC07F69}.Debug|x64.Build.0 = Debug|Any CPU
		{99592046-9A96-4DEF-854C-A5FF1AC07F69}.Release|x64.ActiveCfg = Release|Any CPU
		{99592046-9A96-4DEF-854C-A5FF1AC07F69}.Release|x64.Build.0 = Release|Any CPU
		{1F58679F-CECE-495D-8F42-18270580BA8F}.Debug|x64.ActiveCfg = Debug|Any CPU
		{1F58679F-CECE-495D-8F42-18270580BA8F}.Debug|x64.Build.0 = Debug|Any CPU
		{1F58679F-CECE-495D-8F42-18270580BA8F}.Release|x64.ActiveCfg = Release|Any CPU
		{1F58679F-CECE-495D-8F42-18270580BA8F}.Release|x64.Build.0 = Release|Any CPU
		{45788DAE-01A7-4E87-91EA-545DC9F593ED}.Debug|x64.ActiveCfg = Debug|Any CPU
		{45788DAE-01A7-4E87-91EA-545DC9F593ED}.Debug|x64.Build.0 = Debug|Any CPU
		{45788DAE-01A7-4E87-91EA-545DC9F593ED}.Release|x64.ActiveCfg = Release|Any CPU
		{45788DAE-01A7-4E87-91EA-545DC9F593ED}.Release|x64.Build.0 = Release|Any CPU
		{028CACCA-9157-48A3-8C45-6A16170054B4}.Debug|x64.ActiveCfg = Debug|Any CPU
		{028CACCA-9157-48A3-8C45-6A16170054B4}.Debug|x64.Build.0 = Debug|Any CPU
		{028CACCA-9157-48A3-8C45-6A16170054B4}.Release|x64.ActiveCfg = Release|Any CPU
		{028CACCA-9157-48A3-8C45-6A16170054B4}.Release|x64.Build.0 = Release|Any CPU
		{7425A2C8-A4E2-4390-B936-FFE17D4E345F}.Debug|x64.ActiveCfg = Debug|x64
		{7425A2C8-A4E2-4390-B936-FFE17D4E345F}.Debug|x64.Build.0 = Debug|x64
		{7425A2C8-A4E2-4390-B936-FFE17D4E345F}.Release|x64.ActiveCfg = Release|x64
		{7425A2C8-A4E2-4390-B936-FFE17D4E345F}.Release|x64.Build.0 = Release|x64
		{1AC675D7-E41A-4BDD-9407-D3D7D68A69F6}.Debug|x64.ActiveCfg = Debug|Any CPU
		{1AC675D7-E41A-4BDD-9407-D3D7D68A69F6}.Debug|x64.Build.0 = Debug|Any CPU
		{1AC675D7-E41A-4BDD-9407-D3D7D68A69F6}.Release|x64.ActiveCfg = Release|Any CPU
		{1AC675D7-E41A-4BDD-9407-D3D7D68A69F6}.Release|x64.Build.0 = Release|Any CPU
		{D99D74C8-D2B9-4010-913C-ECDA9440736E}.Debug|x64.ActiveCfg = Debug|Any CPU
		{D99D74C8-D2B9-4010-913C-ECDA9440736E}.Debug|x64.Build.0 = Debug|Any CPU
		{D99D74C8-D2B9-4010-913C-ECDA9440736E}.Release|x64.ActiveCfg = Release|Any CPU
		{D99D74C8-D2B9-4010-913C-ECDA9440736E}.Release|x64.Build.0 = Release|Any CPU
	EndGlobalSection
	GlobalSection(SolutionProperties) = preSolution
		HideSolutionNode = FALSE
	EndGlobalSection
	GlobalSection(NestedProjects) = preSolution
		{81309B66-4FF9-498C-83C5-097464C83892} = {83F45F61-1A2E-454C-BB6F-F9111253D3C4}
		{FF2904C6-FC59-44D7-8049-45AAFE421ACA} = {83F45F61-1A2E-454C-BB6F-F9111253D3C4}
		{B4FAF7B4-4827-4BC5-A4CE-C2110C987E0F} = {A50FDCE3-4081-4E45-AC1D-6C89C5D12C24}
		{7AA6EACD-98D0-430B-9B8F-051A3B2D4ADB} = {A50FDCE3-4081-4E45-AC1D-6C89C5D12C24}
		{7BCE22D8-0E77-48BB-BA54-DB8A3F116CF4} = {A50FDCE3-4081-4E45-AC1D-6C89C5D12C24}
		{44122EF7-BA2B-41F0-9488-5289188FD273} = {A50FDCE3-4081-4E45-AC1D-6C89C5D12C24}
		{0B73F1ED-D267-4DE6-8A7F-4705AD7B8254} = {83F45F61-1A2E-454C-BB6F-F9111253D3C4}
		{B2F3E7C7-2BE9-42C0-BDF8-E63AF4A3B3A7} = {A50FDCE3-4081-4E45-AC1D-6C89C5D12C24}
		{9292E67C-C0D9-4202-960A-9AE7485029D9} = {A50FDCE3-4081-4E45-AC1D-6C89C5D12C24}
		{4B4D2F23-7E22-4E09-97FE-717ECA159F66} = {A50FDCE3-4081-4E45-AC1D-6C89C5D12C24}
		{BCAE36F1-7612-4938-9816-0BCA282E5E35} = {A50FDCE3-4081-4E45-AC1D-6C89C5D12C24}
		{50BFB719-03EC-475D-8458-A60F631F92D7} = {A50FDCE3-4081-4E45-AC1D-6C89C5D12C24}
		{DF689F86-F0E0-4686-8E17-F0FAA2DE69C6} = {A50FDCE3-4081-4E45-AC1D-6C89C5D12C24}
		{EEB8C8DC-1AF1-4726-9DCA-D33D704815E6} = {A50FDCE3-4081-4E45-AC1D-6C89C5D12C24}
		{4336A835-7509-440C-A4D6-DA3381C56F83} = {A50FDCE3-4081-4E45-AC1D-6C89C5D12C24}
		{BDA4BFE5-CE11-4403-8A19-94E8A1083846} = {22E8C0C0-CC22-4D70-AA75-ECA1ADFA9E77}
		{816D7B88-FF33-4946-9611-9C372DE1C190} = {A5DFAF88-251D-44A7-8556-D1B85FBE9294}
		{1171AF82-37CC-4EF0-89B3-0CEE968D629D} = {8A41031D-4C50-4B11-B214-4A71702D58CD}
		{04DBA3AB-F78E-4634-A94F-E70E89500D8E} = {8A41031D-4C50-4B11-B214-4A71702D58CD}
		{F11A3977-C534-419C-9431-D597469E1C91} = {22E8C0C0-CC22-4D70-AA75-ECA1ADFA9E77}
		{70E85BDA-9F10-4C98-823C-280B10CA9FEC} = {22E8C0C0-CC22-4D70-AA75-ECA1ADFA9E77}
		{1C15093D-8CB5-4EC6-B5CF-4697E8BFDF87} = {8A41031D-4C50-4B11-B214-4A71702D58CD}
		{12415DD5-B388-4184-BA9B-A99AC205DF40} = {DBA4B94F-3FA1-40F2-A85F-7371B2E8F82E}
		{85367596-DCBD-4E4A-AFDE-631D861BF4CE} = {DBA4B94F-3FA1-40F2-A85F-7371B2E8F82E}
		{68A66BFA-9D73-4362-AF8F-36167E53185C} = {DBA4B94F-3FA1-40F2-A85F-7371B2E8F82E}
		{D73CACE5-8289-4489-B2DE-B69CB1FD3554} = {DBA4B94F-3FA1-40F2-A85F-7371B2E8F82E}
		{C14376B5-CEA0-49E9-A5F9-868F94B8CD6B} = {DBA4B94F-3FA1-40F2-A85F-7371B2E8F82E}
		{9CF18D49-9EF8-4286-B982-E0DB1B7306E1} = {DBA4B94F-3FA1-40F2-A85F-7371B2E8F82E}
		{A7EE917D-A39D-43FB-A443-EDB05A90D3B3} = {DBA4B94F-3FA1-40F2-A85F-7371B2E8F82E}
		{43AB4BCD-57AD-486C-B80A-ACC9828B6E4C} = {DBA4B94F-3FA1-40F2-A85F-7371B2E8F82E}
		{95292F35-5951-41FB-9720-222943C32C22} = {DBA4B94F-3FA1-40F2-A85F-7371B2E8F82E}
		{A51C9EE8-78A7-49B5-A188-8F2812CBC929} = {8A41031D-4C50-4B11-B214-4A71702D58CD}
		{D16CC54E-4933-40CB-92AC-ACBA3BB2AD1C} = {8A41031D-4C50-4B11-B214-4A71702D58CD}
		{25F0D914-981A-49BE-9970-FC29F858FC67} = {0B8550DC-35F0-455C-8571-E8E697E9625C}
		{1443FF78-A3CB-4240-821A-577C44C8F79E} = {B170C8D6-EABA-4B97-A367-4AB37014DAB2}
		{0BAAE738-7CEC-423A-8D58-FFF4718C04A3} = {0B8550DC-35F0-455C-8571-E8E697E9625C}
		{965ABD04-4CD1-4A83-9F56-8238C2E1482F} = {0B8550DC-35F0-455C-8571-E8E697E9625C}
		{75FF86B5-FCFC-470E-876D-DC618C20392B} = {0B8550DC-35F0-455C-8571-E8E697E9625C}
		{FBA1D614-6378-48C9-A975-ED084D461CCF} = {0B8550DC-35F0-455C-8571-E8E697E9625C}
		{D52624D1-9BF1-4B00-A59F-48C803EF4091} = {0B8550DC-35F0-455C-8571-E8E697E9625C}
		{821C87C4-BA8F-4F09-8DA5-2F1FC9FCEF97} = {0B8550DC-35F0-455C-8571-E8E697E9625C}
		{60652593-B7F4-4835-88F3-EE5FCA7D40CA} = {0B8550DC-35F0-455C-8571-E8E697E9625C}
		{405706A7-187C-4B94-8FC1-25BBA5A5788E} = {0B8550DC-35F0-455C-8571-E8E697E9625C}
		{3F673C5B-25A6-4614-91C9-66179A139516} = {A50FDCE3-4081-4E45-AC1D-6C89C5D12C24}
		{666B05C3-46CE-44A7-A593-430B904D2718} = {A50FDCE3-4081-4E45-AC1D-6C89C5D12C24}
		{64FA0F3B-009C-4465-88D7-158A69A17B74} = {A50FDCE3-4081-4E45-AC1D-6C89C5D12C24}
		{822C4989-EE51-4192-B713-5896DD68D29A} = {A50FDCE3-4081-4E45-AC1D-6C89C5D12C24}
		{038A9BA1-0BE6-4FD0-8063-50A0F17E9402} = {DBA4B94F-3FA1-40F2-A85F-7371B2E8F82E}
		{A7A03114-8961-4A06-A171-76716DA79BA0} = {A50FDCE3-4081-4E45-AC1D-6C89C5D12C24}
		{FACC6EBA-DBC8-431A-A91F-3641FF352DF8} = {A50FDCE3-4081-4E45-AC1D-6C89C5D12C24}
		{B170C8D6-EABA-4B97-A367-4AB37014DAB2} = {0B8550DC-35F0-455C-8571-E8E697E9625C}
		{A5DFAF88-251D-44A7-8556-D1B85FBE9294} = {67EC35CD-9381-4051-AAAE-ACE1B387DB0E}
		{8A41031D-4C50-4B11-B214-4A71702D58CD} = {67EC35CD-9381-4051-AAAE-ACE1B387DB0E}
		{22E8C0C0-CC22-4D70-AA75-ECA1ADFA9E77} = {67EC35CD-9381-4051-AAAE-ACE1B387DB0E}
		{23016BDC-BE82-41B8-97F6-BA8D480409AB} = {8A41031D-4C50-4B11-B214-4A71702D58CD}
		{D7B6B142-B292-4675-A972-0228C768BFBA} = {8A41031D-4C50-4B11-B214-4A71702D58CD}
		{3BFDEE21-3CDE-469D-B215-DFFA87EB6FD9} = {8A41031D-4C50-4B11-B214-4A71702D58CD}
		{34537F5E-3A69-4840-854D-ACE2A2D46D7D} = {67EC35CD-9381-4051-AAAE-ACE1B387DB0E}
		{399452F0-1C00-44B9-A376-A090D335BE31} = {34537F5E-3A69-4840-854D-ACE2A2D46D7D}
		{856A41B2-CD45-4C0E-9931-DE501CB27677} = {34537F5E-3A69-4840-854D-ACE2A2D46D7D}
		{68F1EF21-4F0E-49A1-B211-ABE567405ED2} = {34537F5E-3A69-4840-854D-ACE2A2D46D7D}
		{DCA89BF4-7589-42BE-A698-502714969A50} = {A50FDCE3-4081-4E45-AC1D-6C89C5D12C24}
		{269D3E7D-326A-4053-AD23-6E516032C628} = {A50FDCE3-4081-4E45-AC1D-6C89C5D12C24}
		{E96C62B0-A2F2-47CC-874A-5EDBA516BD72} = {A50FDCE3-4081-4E45-AC1D-6C89C5D12C24}
		{8702A542-B88E-468B-A0D8-4095C2A76C90} = {34537F5E-3A69-4840-854D-ACE2A2D46D7D}
		{4F4DB219-C34F-4274-95EB-84177608D057} = {8A41031D-4C50-4B11-B214-4A71702D58CD}
		{6DD99A26-A5AD-4ACB-90CF-B6416697FDBC} = {8A41031D-4C50-4B11-B214-4A71702D58CD}
		{ED17D3FF-D200-4603-AC54-DD07B939E5FA} = {8A41031D-4C50-4B11-B214-4A71702D58CD}
		{9A84837F-235D-4BC8-9E9F-975AF543D084} = {8A41031D-4C50-4B11-B214-4A71702D58CD}
		{43C14F21-EC9E-4BA2-AEBD-29316F792323} = {0B8550DC-35F0-455C-8571-E8E697E9625C}
		{BE7911B6-5C09-4B37-A12E-C144D8DF212A} = {83F45F61-1A2E-454C-BB6F-F9111253D3C4}
		{1F3E4D71-439D-460F-BF39-4DC2D00921B5} = {83F45F61-1A2E-454C-BB6F-F9111253D3C4}
		{DBA4B94F-3FA1-40F2-A85F-7371B2E8F82E} = {67EC35CD-9381-4051-AAAE-ACE1B387DB0E}
		{A5C75822-6BD5-4777-98F7-01FFE6A4002F} = {DBA4B94F-3FA1-40F2-A85F-7371B2E8F82E}
		{A0C7B4D7-13B6-4E4A-AF67-F1A701BAD4D8} = {A50FDCE3-4081-4E45-AC1D-6C89C5D12C24}
		{74775CEF-5BDA-4E61-AF3B-51D132B72A55} = {A50FDCE3-4081-4E45-AC1D-6C89C5D12C24}
		{28D3E2A0-2DAE-4E00-A1C2-B9AB76E81A3C} = {83F45F61-1A2E-454C-BB6F-F9111253D3C4}
		{845483F3-FDC8-466E-85F1-821CB249B494} = {83F45F61-1A2E-454C-BB6F-F9111253D3C4}
		{DE066D74-A522-4DC0-AB7C-5BF3CD23B4D7} = {8A41031D-4C50-4B11-B214-4A71702D58CD}
		{0F333279-FBBF-486D-AB69-368F5FBF26FE} = {8A41031D-4C50-4B11-B214-4A71702D58CD}
		{9C1E7792-7864-4D39-AAAE-651958C67027} = {8A41031D-4C50-4B11-B214-4A71702D58CD}
		{E16A8F9E-E3F5-41B1-844D-71638B711EE1} = {67EC35CD-9381-4051-AAAE-ACE1B387DB0E}
		{4B014694-6BFB-48DF-8B1B-93D1BC0595F2} = {E16A8F9E-E3F5-41B1-844D-71638B711EE1}
		{0BD0B242-8ED5-44DC-8C78-8F34D7A93441} = {E16A8F9E-E3F5-41B1-844D-71638B711EE1}
		{17A62EDA-D580-4705-946E-3290511B9DD7} = {E16A8F9E-E3F5-41B1-844D-71638B711EE1}
		{44386237-19CB-45A2-AFBD-0FBF89AACF48} = {E16A8F9E-E3F5-41B1-844D-71638B711EE1}
		{12A5BD53-DAFB-44D6-BAD7-CCE36ED0962F} = {E16A8F9E-E3F5-41B1-844D-71638B711EE1}
		{498B8ECC-336E-4040-8CE6-E92B3F4B849B} = {A50FDCE3-4081-4E45-AC1D-6C89C5D12C24}
		{437BB7E4-737C-410D-8D58-AF6E7AB95CF1} = {A50FDCE3-4081-4E45-AC1D-6C89C5D12C24}
		{99592046-9A96-4DEF-854C-A5FF1AC07F69} = {E16A8F9E-E3F5-41B1-844D-71638B711EE1}
		{1F58679F-CECE-495D-8F42-18270580BA8F} = {8A41031D-4C50-4B11-B214-4A71702D58CD}
		{45788DAE-01A7-4E87-91EA-545DC9F593ED} = {8A41031D-4C50-4B11-B214-4A71702D58CD}
		{028CACCA-9157-48A3-8C45-6A16170054B4} = {8A41031D-4C50-4B11-B214-4A71702D58CD}
		{7425A2C8-A4E2-4390-B936-FFE17D4E345F} = {A5DFAF88-251D-44A7-8556-D1B85FBE9294}
		{1AC675D7-E41A-4BDD-9407-D3D7D68A69F6} = {A50FDCE3-4081-4E45-AC1D-6C89C5D12C24}
		{D99D74C8-D2B9-4010-913C-ECDA9440736E} = {A50FDCE3-4081-4E45-AC1D-6C89C5D12C24}
	EndGlobalSection
	GlobalSection(ExtensibilityGlobals) = postSolution
		SolutionGuid = {ACCE6DE0-243F-4142-A633-809E34F44F64}
	EndGlobalSection
EndGlobal
